// !$*UTF8*$!
{
	archiveVersion = 1;
	classes = {
	};
	objectVersion = 48;
	objects = {

/* Begin PBXBuildFile section */
		1D24CB1E46D42C9F67A40895 /* CatalogProvider.swift in Sources */ = {isa = PBXBuildFile; fileRef = B46655D2C27A987757976E87 /* CatalogProvider.swift */; };
		2C1B2BEE2013582100AE41B3 /* NumberFormatterWorker.swift in Sources */ = {isa = PBXBuildFile; fileRef = 2C1B2BED2013582100AE41B3 /* NumberFormatterWorker.swift */; };
		2C1B2BF02013AE6600AE41B3 /* CatalogDetailsCoinImageView.swift in Sources */ = {isa = PBXBuildFile; fileRef = 2C1B2BEF2013AE6600AE41B3 /* CatalogDetailsCoinImageView.swift */; };
		2C2EB5AB1FDFB66100FED808 /* ImageProvider.swift in Sources */ = {isa = PBXBuildFile; fileRef = 2C2EB5AA1FDFB66100FED808 /* ImageProvider.swift */; };
		2C598D5E1FDE705D00736F58 /* CoinSnapshotFullViewModel.swift in Sources */ = {isa = PBXBuildFile; fileRef = 2C598D5D1FDE705D00736F58 /* CoinSnapshotFullViewModel.swift */; };
		2C6087ED2000BD82006ECE32 /* CoinSnapshotPropertyViewModel.swift in Sources */ = {isa = PBXBuildFile; fileRef = 2C6087EC2000BD82006ECE32 /* CoinSnapshotPropertyViewModel.swift */; };
		2C79EF8A20014F2D00BB05A8 /* StringExtension.swift in Sources */ = {isa = PBXBuildFile; fileRef = 2C79EF8920014F2D00BB05A8 /* StringExtension.swift */; };
		2C80D0F02019E5850065D4C5 /* CoinSnapshotFullResponseModelTests.swift in Sources */ = {isa = PBXBuildFile; fileRef = 2C80D0EF2019E5850065D4C5 /* CoinSnapshotFullResponseModelTests.swift */; };
		2C87A751202C2D2F001D9FD9 /* CatalogDetailsViewControllerTests.swift in Sources */ = {isa = PBXBuildFile; fileRef = 5D75E702F387A78654F2D788 /* CatalogDetailsViewControllerTests.swift */; };
		2C87A752202C2D41001D9FD9 /* CatalogDetailsBuilderTests.swift in Sources */ = {isa = PBXBuildFile; fileRef = 22DECD352A1CF37F3B826885 /* CatalogDetailsBuilderTests.swift */; };
		2C87A753202C2D48001D9FD9 /* CatalogDetailsInteractorTests.swift in Sources */ = {isa = PBXBuildFile; fileRef = C6E116D11D8876556FED99B8 /* CatalogDetailsInteractorTests.swift */; };
		2C87A754202C2D4C001D9FD9 /* CatalogDetailsPresenterTests.swift in Sources */ = {isa = PBXBuildFile; fileRef = 71D50C168327374AAFF31C18 /* CatalogDetailsPresenterTests.swift */; };
		2C87A755202C2D50001D9FD9 /* CatalogDetailsProviderTests.swift in Sources */ = {isa = PBXBuildFile; fileRef = 86C700EB058F36B609DB718B /* CatalogDetailsProviderTests.swift */; };
		2C87A756202C2D54001D9FD9 /* CatalogDetailsServiceTests.swift in Sources */ = {isa = PBXBuildFile; fileRef = FD6878F0372F76679F9DC85B /* CatalogDetailsServiceTests.swift */; };
		2C89771E201F695D00BEAED3 /* HTTPAPIClient.swift in Sources */ = {isa = PBXBuildFile; fileRef = 2C89771D201F695D00BEAED3 /* HTTPAPIClient.swift */; };
		2C897720201F6A8D00BEAED3 /* APIClientFactory.swift in Sources */ = {isa = PBXBuildFile; fileRef = 2C89771F201F6A8D00BEAED3 /* APIClientFactory.swift */; };
		2C897723201F6ACD00BEAED3 /* APIClientMock.swift in Sources */ = {isa = PBXBuildFile; fileRef = 2C897722201F6ACD00BEAED3 /* APIClientMock.swift */; };
		2C897725201F6B2100BEAED3 /* APIClientError.swift in Sources */ = {isa = PBXBuildFile; fileRef = 2C897724201F6B2100BEAED3 /* APIClientError.swift */; };
		2C897727201F6B3800BEAED3 /* HTTPMethod.swift in Sources */ = {isa = PBXBuildFile; fileRef = 2C897726201F6B3800BEAED3 /* HTTPMethod.swift */; };
		2C92765B20210821006274EC /* HTTPMethod.swift in Sources */ = {isa = PBXBuildFile; fileRef = 2C897726201F6B3800BEAED3 /* HTTPMethod.swift */; };
		2C92765C20210824006274EC /* APIClientProvider.swift in Sources */ = {isa = PBXBuildFile; fileRef = 2CF2AB542020FC6B0077B240 /* APIClientProvider.swift */; };
		2C92765D20210827006274EC /* APIClientFactory.swift in Sources */ = {isa = PBXBuildFile; fileRef = 2C89771F201F6A8D00BEAED3 /* APIClientFactory.swift */; };
		2C92765E20210835006274EC /* APIClientError.swift in Sources */ = {isa = PBXBuildFile; fileRef = 2C897724201F6B2100BEAED3 /* APIClientError.swift */; };
		2C92765F20210839006274EC /* HTTPAPIClient.swift in Sources */ = {isa = PBXBuildFile; fileRef = 2C89771D201F695D00BEAED3 /* HTTPAPIClient.swift */; };
		2CA157612020B69500281BF1 /* NumberFormatterWorkerTests.swift in Sources */ = {isa = PBXBuildFile; fileRef = 2CA157602020B69500281BF1 /* NumberFormatterWorkerTests.swift */; };
		2CB98C441FFFBD86002A2568 /* CoinSymbolPlaceholderView.swift in Sources */ = {isa = PBXBuildFile; fileRef = 2CB98C431FFFBD86002A2568 /* CoinSymbolPlaceholderView.swift */; };
		2CD945461FFD00850017CEAD /* CatalogDetailsTableDelegate.swift in Sources */ = {isa = PBXBuildFile; fileRef = 2CD945451FFD00850017CEAD /* CatalogDetailsTableDelegate.swift */; };
		2CD945481FFD01230017CEAD /* CatalogDetailsTableDataSource.swift in Sources */ = {isa = PBXBuildFile; fileRef = 2CD945471FFD01230017CEAD /* CatalogDetailsTableDataSource.swift */; };
		2CD9454C1FFD1ACE0017CEAD /* CatalogDetailsCell.swift in Sources */ = {isa = PBXBuildFile; fileRef = 2CD9454B1FFD1ACE0017CEAD /* CatalogDetailsCell.swift */; };
		2CD9454E1FFD1D420017CEAD /* CatalogDetailsCellViewModel.swift in Sources */ = {isa = PBXBuildFile; fileRef = 2CD9454D1FFD1D420017CEAD /* CatalogDetailsCellViewModel.swift */; };
		2CE28FBD1FFB6C6800FB081A /* CatalogDetailsHeaderView.swift in Sources */ = {isa = PBXBuildFile; fileRef = 2CE28FBC1FFB6C6800FB081A /* CatalogDetailsHeaderView.swift */; };
		2CEB5C3C1FDD37B100E43341 /* CoinSnapshotFullResponseModel.swift in Sources */ = {isa = PBXBuildFile; fileRef = 2CEB5C3B1FDD37B100E43341 /* CoinSnapshotFullResponseModel.swift */; };
		2CF2AB532020F8BE0077B240 /* APIClientProviderTests.swift in Sources */ = {isa = PBXBuildFile; fileRef = 2CF2AB522020F8BE0077B240 /* APIClientProviderTests.swift */; };
		2CF2AB552020FC6B0077B240 /* APIClientProvider.swift in Sources */ = {isa = PBXBuildFile; fileRef = 2CF2AB542020FC6B0077B240 /* APIClientProvider.swift */; };
		2CFD6BC32024ECCC00BFC1BF /* CatalogView.swift in Sources */ = {isa = PBXBuildFile; fileRef = C5348E8FD18C8061BA81CAB8 /* CatalogView.swift */; };
		2CFD6BC42024ECD800BFC1BF /* CatalogViewModel.swift in Sources */ = {isa = PBXBuildFile; fileRef = 451165C01FCB73300091ADB9 /* CatalogViewModel.swift */; };
		2CFD6BC52024ECEE00BFC1BF /* CatalogService.swift in Sources */ = {isa = PBXBuildFile; fileRef = 2D61866724B6C73FE8C973DC /* CatalogService.swift */; };
		2CFD6BC62024ECF600BFC1BF /* LoadingTableViewDataSource.swift in Sources */ = {isa = PBXBuildFile; fileRef = 457D6DF41FCB0F9200E3AD5C /* LoadingTableViewDataSource.swift */; };
		2D82453F3F971F77F173D5A2 /* CatalogDetailsDataFlow.swift in Sources */ = {isa = PBXBuildFile; fileRef = 2A036F38FB9D6C99FEDD1976 /* CatalogDetailsDataFlow.swift */; };
		3E83E1C642A78587CB7A2B75 /* CatalogBuilder.swift in Sources */ = {isa = PBXBuildFile; fileRef = 54527C07E728EDB9845F0CB8 /* CatalogBuilder.swift */; };
		40EE936B634852D2A2D33980 /* CatalogModel.swift in Sources */ = {isa = PBXBuildFile; fileRef = 06994E54E2DB051A9CA8D918 /* CatalogModel.swift */; };
		41211F22FAC616D2F7C513B6 /* CatalogDetailsViewController.swift in Sources */ = {isa = PBXBuildFile; fileRef = 306D47C9EBCD6C7B21D2E9CB /* CatalogDetailsViewController.swift */; };
		451165BD1FCB337F0091ADB9 /* CatalogTableDataSource.swift in Sources */ = {isa = PBXBuildFile; fileRef = 451165BC1FCB337F0091ADB9 /* CatalogTableDataSource.swift */; };
		451165BF1FCB33A80091ADB9 /* CatalogTableDelegate.swift in Sources */ = {isa = PBXBuildFile; fileRef = 451165BE1FCB33A80091ADB9 /* CatalogTableDelegate.swift */; };
		451165C31FCB75B00091ADB9 /* CatalogCell.swift in Sources */ = {isa = PBXBuildFile; fileRef = 451165C21FCB75B00091ADB9 /* CatalogCell.swift */; };
		451165C51FCB77F20091ADB9 /* ArrayExtension.swift in Sources */ = {isa = PBXBuildFile; fileRef = 451165C41FCB77F20091ADB9 /* ArrayExtension.swift */; };
		454209B81FD99A4300613DB5 /* ResponseModel.swift in Sources */ = {isa = PBXBuildFile; fileRef = 454209B71FD99A4300613DB5 /* ResponseModel.swift */; };
		45420A221FDC841700613DB5 /* APIClient.swift in Sources */ = {isa = PBXBuildFile; fileRef = 45420A211FDC841700613DB5 /* APIClient.swift */; };
		457D6DF61FCB0F9300E3AD5C /* LoadingSectionHeaderView.swift in Sources */ = {isa = PBXBuildFile; fileRef = 457D6DF21FCB0F9200E3AD5C /* LoadingSectionHeaderView.swift */; };
		457D6DF71FCB0F9300E3AD5C /* LoadingTableViewCell.swift in Sources */ = {isa = PBXBuildFile; fileRef = 457D6DF31FCB0F9200E3AD5C /* LoadingTableViewCell.swift */; };
		457D6DF91FCB0F9300E3AD5C /* LoadingTableViewDelegate.swift in Sources */ = {isa = PBXBuildFile; fileRef = 457D6DF51FCB0F9200E3AD5C /* LoadingTableViewDelegate.swift */; };
		457D6DFD1FCB114400E3AD5C /* UIViewExtension.swift in Sources */ = {isa = PBXBuildFile; fileRef = 457D6DFC1FCB114400E3AD5C /* UIViewExtension.swift */; };
		457D6DFF1FCB128000E3AD5C /* UITableViewExtention.swift in Sources */ = {isa = PBXBuildFile; fileRef = 457D6DFE1FCB128000E3AD5C /* UITableViewExtention.swift */; };
		457D6E021FCB242800E3AD5C /* CatalogEmptyView.swift in Sources */ = {isa = PBXBuildFile; fileRef = 457D6E001FCB242800E3AD5C /* CatalogEmptyView.swift */; };
		457D6E031FCB242800E3AD5C /* CatalogErrorView.swift in Sources */ = {isa = PBXBuildFile; fileRef = 457D6E011FCB242800E3AD5C /* CatalogErrorView.swift */; };
		4EE8CDEC894A89FE219646AD /* CatalogDataFlow.swift in Sources */ = {isa = PBXBuildFile; fileRef = 1537A8984F7C517A6686D99E /* CatalogDataFlow.swift */; };
		592394107D6B55CF87D0E9EB /* CatalogDetailsDataStore.swift in Sources */ = {isa = PBXBuildFile; fileRef = 42E32A9A254C749BCBE1E22F /* CatalogDetailsDataStore.swift */; };
		6893162C5200E6FD6B251C52 /* Pods_YARCH.framework in Frameworks */ = {isa = PBXBuildFile; fileRef = 025FA1019BB9B53110EDC7BF /* Pods_YARCH.framework */; };
		6BF1DC0142F0FFCFD56BA42F /* CatalogViewControllerTests.swift in Sources */ = {isa = PBXBuildFile; fileRef = 9309AB01CFAAD370092560FF /* CatalogViewControllerTests.swift */; };
		70AF80A11FE8E17700BDFEF6 /* Result.swift in Sources */ = {isa = PBXBuildFile; fileRef = 70AF80A01FE8E17700BDFEF6 /* Result.swift */; };
		72147674C4AA7678398460C2 /* Pods_TV.framework in Frameworks */ = {isa = PBXBuildFile; fileRef = 79F5D8A8B1540D0D29696823 /* Pods_TV.framework */; };
		77DACDAFAA0725E4B191F924 /* CatalogDataStore.swift in Sources */ = {isa = PBXBuildFile; fileRef = 3EAB09649E354CDAFB5F3165 /* CatalogDataStore.swift */; };
		89FFCF173102FE39D6C0242A /* CatalogInteractorTests.swift in Sources */ = {isa = PBXBuildFile; fileRef = CC488560F7C4E708D4F9CDE6 /* CatalogInteractorTests.swift */; };
		8E5C4519870E9A982A356344 /* CatalogDetailsProvider.swift in Sources */ = {isa = PBXBuildFile; fileRef = CF9A54B644D7DDC7A4256EC3 /* CatalogDetailsProvider.swift */; };
		9A15C65E71D45E0FE67091F9 /* CatalogServiceTests.swift in Sources */ = {isa = PBXBuildFile; fileRef = DF7426780CC973F96E5C896B /* CatalogServiceTests.swift */; };
		9CB6EC50BF500E32B3153A36 /* CatalogProviderTests.swift in Sources */ = {isa = PBXBuildFile; fileRef = 0B0E9671DF46475CB33ABE8B /* CatalogProviderTests.swift */; };
		A61E964033266AB0AF8E4377 /* CatalogBuilderTests.swift in Sources */ = {isa = PBXBuildFile; fileRef = 8CA1E7F4DADC5785C53D8346 /* CatalogBuilderTests.swift */; };
		A9329572989BC50533E2F265 /* CatalogPresenterTests.swift in Sources */ = {isa = PBXBuildFile; fileRef = AED08C2EEA3B0D80339FA758 /* CatalogPresenterTests.swift */; };
		B30BF7501FBDD785005C8A83 /* AppDelegate.swift in Sources */ = {isa = PBXBuildFile; fileRef = B30BF74F1FBDD785005C8A83 /* AppDelegate.swift */; };
		B30BF7521FBDD785005C8A83 /* ViewController.swift in Sources */ = {isa = PBXBuildFile; fileRef = B30BF7511FBDD785005C8A83 /* ViewController.swift */; };
		B30BF7551FBDD785005C8A83 /* Main.storyboard in Resources */ = {isa = PBXBuildFile; fileRef = B30BF7531FBDD785005C8A83 /* Main.storyboard */; };
		B30BF7571FBDD785005C8A83 /* Assets.xcassets in Resources */ = {isa = PBXBuildFile; fileRef = B30BF7561FBDD785005C8A83 /* Assets.xcassets */; };
		B30BF75A1FBDD785005C8A83 /* LaunchScreen.storyboard in Resources */ = {isa = PBXBuildFile; fileRef = B30BF7581FBDD785005C8A83 /* LaunchScreen.storyboard */; };
		B30BF7651FBDD785005C8A83 /* YARCHTests.swift in Sources */ = {isa = PBXBuildFile; fileRef = B30BF7641FBDD785005C8A83 /* YARCHTests.swift */; };
		B330118A1FC3017000488D77 /* UniqueIdentifiable.swift in Sources */ = {isa = PBXBuildFile; fileRef = B33011881FC3017000488D77 /* UniqueIdentifiable.swift */; };
		B330118B1FC3017000488D77 /* ModuleBuilder.swift in Sources */ = {isa = PBXBuildFile; fileRef = B33011891FC3017000488D77 /* ModuleBuilder.swift */; };
		BA81939B2020943E006731F4 /* AppDelegate.swift in Sources */ = {isa = PBXBuildFile; fileRef = BA81939A2020943E006731F4 /* AppDelegate.swift */; };
		BA81939D2020943E006731F4 /* ViewController.swift in Sources */ = {isa = PBXBuildFile; fileRef = BA81939C2020943E006731F4 /* ViewController.swift */; };
		BA8193A02020943E006731F4 /* Main.storyboard in Resources */ = {isa = PBXBuildFile; fileRef = BA81939E2020943E006731F4 /* Main.storyboard */; };
		BA8193A22020943E006731F4 /* Assets.xcassets in Resources */ = {isa = PBXBuildFile; fileRef = BA8193A12020943E006731F4 /* Assets.xcassets */; };
		BA8193A720209553006731F4 /* ModuleBuilder.swift in Sources */ = {isa = PBXBuildFile; fileRef = B33011891FC3017000488D77 /* ModuleBuilder.swift */; };
		BA8193A820209553006731F4 /* UniqueIdentifiable.swift in Sources */ = {isa = PBXBuildFile; fileRef = B33011881FC3017000488D77 /* UniqueIdentifiable.swift */; };
		BA8193A920209553006731F4 /* Result.swift in Sources */ = {isa = PBXBuildFile; fileRef = 70AF80A01FE8E17700BDFEF6 /* Result.swift */; };
		BA8193AA20209553006731F4 /* LoadingSectionHeaderView.swift in Sources */ = {isa = PBXBuildFile; fileRef = 457D6DF21FCB0F9200E3AD5C /* LoadingSectionHeaderView.swift */; };
		BA8193AB20209553006731F4 /* LoadingTableViewCell.swift in Sources */ = {isa = PBXBuildFile; fileRef = 457D6DF31FCB0F9200E3AD5C /* LoadingTableViewCell.swift */; };
		BA8193AC20209553006731F4 /* LoadingTableViewDataSource.swift in Sources */ = {isa = PBXBuildFile; fileRef = 457D6DF41FCB0F9200E3AD5C /* LoadingTableViewDataSource.swift */; };
		BA8193AD20209553006731F4 /* LoadingTableViewDelegate.swift in Sources */ = {isa = PBXBuildFile; fileRef = 457D6DF51FCB0F9200E3AD5C /* LoadingTableViewDelegate.swift */; };
		BA8193AE2020955C006731F4 /* CatalogBuilder.swift in Sources */ = {isa = PBXBuildFile; fileRef = 54527C07E728EDB9845F0CB8 /* CatalogBuilder.swift */; };
		BA8193AF2020955C006731F4 /* CatalogViewController.swift in Sources */ = {isa = PBXBuildFile; fileRef = AD4A651FE09B0E7C0A407443 /* CatalogViewController.swift */; };
		BA8193B02020955C006731F4 /* CatalogInteractor.swift in Sources */ = {isa = PBXBuildFile; fileRef = 125082CCBAEF6CF386656798 /* CatalogInteractor.swift */; };
		BA8193B12020955C006731F4 /* CatalogPresenter.swift in Sources */ = {isa = PBXBuildFile; fileRef = 26C76F952B12B6FBE208E7F9 /* CatalogPresenter.swift */; };
		BA8193B22020955C006731F4 /* CatalogDataFlow.swift in Sources */ = {isa = PBXBuildFile; fileRef = 1537A8984F7C517A6686D99E /* CatalogDataFlow.swift */; };
		BA8193B32020955C006731F4 /* CatalogTableDelegate.swift in Sources */ = {isa = PBXBuildFile; fileRef = 451165BE1FCB33A80091ADB9 /* CatalogTableDelegate.swift */; };
		BA8193B42020955C006731F4 /* CatalogTableDataSource.swift in Sources */ = {isa = PBXBuildFile; fileRef = 451165BC1FCB337F0091ADB9 /* CatalogTableDataSource.swift */; };
		BA8193B520209560006731F4 /* CatalogModel.swift in Sources */ = {isa = PBXBuildFile; fileRef = 06994E54E2DB051A9CA8D918 /* CatalogModel.swift */; };
		BA8193B620209560006731F4 /* CatalogViewModel.swift in Sources */ = {isa = PBXBuildFile; fileRef = 451165C01FCB73300091ADB9 /* CatalogViewModel.swift */; };
		BA8193B720209560006731F4 /* ResponseModel.swift in Sources */ = {isa = PBXBuildFile; fileRef = 454209B71FD99A4300613DB5 /* ResponseModel.swift */; };
		BA8193B820209564006731F4 /* CatalogProvider.swift in Sources */ = {isa = PBXBuildFile; fileRef = B46655D2C27A987757976E87 /* CatalogProvider.swift */; };
		BA8193B920209564006731F4 /* CatalogDataStore.swift in Sources */ = {isa = PBXBuildFile; fileRef = 3EAB09649E354CDAFB5F3165 /* CatalogDataStore.swift */; };
		BA8193BA20209564006731F4 /* CatalogService.swift in Sources */ = {isa = PBXBuildFile; fileRef = 2D61866724B6C73FE8C973DC /* CatalogService.swift */; };
		BA8193BB2020956A006731F4 /* CatalogEmptyView.swift in Sources */ = {isa = PBXBuildFile; fileRef = 457D6E001FCB242800E3AD5C /* CatalogEmptyView.swift */; };
		BA8193BC2020956A006731F4 /* CatalogErrorView.swift in Sources */ = {isa = PBXBuildFile; fileRef = 457D6E011FCB242800E3AD5C /* CatalogErrorView.swift */; };
		BA8193BD2020956A006731F4 /* CatalogView.swift in Sources */ = {isa = PBXBuildFile; fileRef = C5348E8FD18C8061BA81CAB8 /* CatalogView.swift */; };
		BA8193BE2020956A006731F4 /* CatalogCell.swift in Sources */ = {isa = PBXBuildFile; fileRef = 451165C21FCB75B00091ADB9 /* CatalogCell.swift */; };
		BA8193C1202097E7006731F4 /* APIClient.swift in Sources */ = {isa = PBXBuildFile; fileRef = 45420A211FDC841700613DB5 /* APIClient.swift */; };
		BA8193C2202097EC006731F4 /* UIViewExtension.swift in Sources */ = {isa = PBXBuildFile; fileRef = 457D6DFC1FCB114400E3AD5C /* UIViewExtension.swift */; };
		BA8193C3202097EC006731F4 /* UITableViewExtention.swift in Sources */ = {isa = PBXBuildFile; fileRef = 457D6DFE1FCB128000E3AD5C /* UITableViewExtention.swift */; };
		BA8193C4202097EC006731F4 /* ArrayExtension.swift in Sources */ = {isa = PBXBuildFile; fileRef = 451165C41FCB77F20091ADB9 /* ArrayExtension.swift */; };
		BAA9B4BA2017336B001235D6 /* Interface.storyboard in Resources */ = {isa = PBXBuildFile; fileRef = BAA9B4B82017336B001235D6 /* Interface.storyboard */; };
		BAA9B4BC2017336B001235D6 /* Assets.xcassets in Resources */ = {isa = PBXBuildFile; fileRef = BAA9B4BB2017336B001235D6 /* Assets.xcassets */; };
		BAA9B4C32017336B001235D6 /* WATCH Extension.appex in Embed App Extensions */ = {isa = PBXBuildFile; fileRef = BAA9B4C22017336B001235D6 /* WATCH Extension.appex */; settings = {ATTRIBUTES = (RemoveHeadersOnCopy, ); }; };
		BAA9B4C82017336B001235D6 /* CatalogInterfaceController.swift in Sources */ = {isa = PBXBuildFile; fileRef = BAA9B4C72017336B001235D6 /* CatalogInterfaceController.swift */; };
		BAA9B4CC2017336B001235D6 /* Assets.xcassets in Resources */ = {isa = PBXBuildFile; fileRef = BAA9B4CB2017336B001235D6 /* Assets.xcassets */; };
		BAA9B4D02017336B001235D6 /* WATCH.app in Embed Watch Content */ = {isa = PBXBuildFile; fileRef = BAA9B4B62017336B001235D6 /* WATCH.app */; };
		BAA9B4D9201733A7001235D6 /* CatalogInteractor.swift in Sources */ = {isa = PBXBuildFile; fileRef = 125082CCBAEF6CF386656798 /* CatalogInteractor.swift */; };
		BAA9B4DA201733A7001235D6 /* CatalogPresenter.swift in Sources */ = {isa = PBXBuildFile; fileRef = 26C76F952B12B6FBE208E7F9 /* CatalogPresenter.swift */; };
		BAA9B4DB201733A7001235D6 /* CatalogDataFlow.swift in Sources */ = {isa = PBXBuildFile; fileRef = 1537A8984F7C517A6686D99E /* CatalogDataFlow.swift */; };
		BAA9B4DC201733AA001235D6 /* CatalogModel.swift in Sources */ = {isa = PBXBuildFile; fileRef = 06994E54E2DB051A9CA8D918 /* CatalogModel.swift */; };
		BAA9B4DD201733AA001235D6 /* CatalogViewModel.swift in Sources */ = {isa = PBXBuildFile; fileRef = 451165C01FCB73300091ADB9 /* CatalogViewModel.swift */; };
		BAA9B4DE201733AA001235D6 /* ResponseModel.swift in Sources */ = {isa = PBXBuildFile; fileRef = 454209B71FD99A4300613DB5 /* ResponseModel.swift */; };
		BAA9B4DF201733AE001235D6 /* CatalogProvider.swift in Sources */ = {isa = PBXBuildFile; fileRef = B46655D2C27A987757976E87 /* CatalogProvider.swift */; };
		BAA9B4E0201733AE001235D6 /* CatalogDataStore.swift in Sources */ = {isa = PBXBuildFile; fileRef = 3EAB09649E354CDAFB5F3165 /* CatalogDataStore.swift */; };
		BAA9B4E1201733AE001235D6 /* CatalogService.swift in Sources */ = {isa = PBXBuildFile; fileRef = 2D61866724B6C73FE8C973DC /* CatalogService.swift */; };
		BAA9B4E2201733C4001235D6 /* UniqueIdentifiable.swift in Sources */ = {isa = PBXBuildFile; fileRef = B33011881FC3017000488D77 /* UniqueIdentifiable.swift */; };
		BAA9B4E3201733CB001235D6 /* APIClient.swift in Sources */ = {isa = PBXBuildFile; fileRef = 45420A211FDC841700613DB5 /* APIClient.swift */; };
		BAA9B4E4201733D3001235D6 /* Result.swift in Sources */ = {isa = PBXBuildFile; fileRef = 70AF80A01FE8E17700BDFEF6 /* Result.swift */; };
		BAA9B4EA20173905001235D6 /* CatalogCell.swift in Sources */ = {isa = PBXBuildFile; fileRef = BAA9B4E920173905001235D6 /* CatalogCell.swift */; };
		C1A72D3AF6333934008F7599 /* CatalogDetailsService.swift in Sources */ = {isa = PBXBuildFile; fileRef = 77F15BCCA745D87B12ABB026 /* CatalogDetailsService.swift */; };
		C6047C261008D9CE164D204D /* CatalogDetailsView.swift in Sources */ = {isa = PBXBuildFile; fileRef = A1D5BC19BA8CE1770E3E2F59 /* CatalogDetailsView.swift */; };
		CB797E62A19181E405CB5295 /* CatalogModelTests.swift in Sources */ = {isa = PBXBuildFile; fileRef = CC0656544F203B79E54A10CD /* CatalogModelTests.swift */; };
		CD5FD9D2A810A3927D12248B /* CatalogInteractor.swift in Sources */ = {isa = PBXBuildFile; fileRef = 125082CCBAEF6CF386656798 /* CatalogInteractor.swift */; };
		D4231FCF5A2D96579179A5E7 /* Pods_YARCHTests.framework in Frameworks */ = {isa = PBXBuildFile; fileRef = 591D8014D21B11140D2C8C17 /* Pods_YARCHTests.framework */; };
		DCC563F694BCF2AA50181A38 /* CatalogDetailsPresenter.swift in Sources */ = {isa = PBXBuildFile; fileRef = 5FAE78200B13722D360EC4F6 /* CatalogDetailsPresenter.swift */; };
		DD939B21474EC0A81D22DF0A /* CatalogDetailsInteractor.swift in Sources */ = {isa = PBXBuildFile; fileRef = 59058E675168738F012FCF74 /* CatalogDetailsInteractor.swift */; };
		E05F8E239F776786CA6E8618 /* CatalogPresenter.swift in Sources */ = {isa = PBXBuildFile; fileRef = 26C76F952B12B6FBE208E7F9 /* CatalogPresenter.swift */; };
		E41E0C4DFE9F0E3D2A7A424C /* CatalogViewController.swift in Sources */ = {isa = PBXBuildFile; fileRef = AD4A651FE09B0E7C0A407443 /* CatalogViewController.swift */; };
		ED077D3106E645289E6FF759 /* Pods_YARCH.framework in Frameworks */ = {isa = PBXBuildFile; fileRef = BA8193C020209584006731F4 /* Pods_YARCH.framework */; };
		FF306F420E4E1342CEA3D128 /* CatalogDetailsBuilder.swift in Sources */ = {isa = PBXBuildFile; fileRef = 678038EB002D2E44B9FAF6D6 /* CatalogDetailsBuilder.swift */; };
/* End PBXBuildFile section */

/* Begin PBXContainerItemProxy section */
		B30BF7611FBDD785005C8A83 /* PBXContainerItemProxy */ = {
			isa = PBXContainerItemProxy;
			containerPortal = B30BF7441FBDD785005C8A83 /* Project object */;
			proxyType = 1;
			remoteGlobalIDString = B30BF74B1FBDD785005C8A83;
			remoteInfo = YARCH;
		};
		BAA9B4C42017336B001235D6 /* PBXContainerItemProxy */ = {
			isa = PBXContainerItemProxy;
			containerPortal = B30BF7441FBDD785005C8A83 /* Project object */;
			proxyType = 1;
			remoteGlobalIDString = BAA9B4C12017336B001235D6;
			remoteInfo = "WATCH Extension";
		};
		BAA9B4CE2017336B001235D6 /* PBXContainerItemProxy */ = {
			isa = PBXContainerItemProxy;
			containerPortal = B30BF7441FBDD785005C8A83 /* Project object */;
			proxyType = 1;
			remoteGlobalIDString = BAA9B4B52017336B001235D6;
			remoteInfo = WATCH;
		};
/* End PBXContainerItemProxy section */

/* Begin PBXCopyFilesBuildPhase section */
		BAA9B4D62017336B001235D6 /* Embed App Extensions */ = {
			isa = PBXCopyFilesBuildPhase;
			buildActionMask = 2147483647;
			dstPath = "";
			dstSubfolderSpec = 13;
			files = (
				BAA9B4C32017336B001235D6 /* WATCH Extension.appex in Embed App Extensions */,
			);
			name = "Embed App Extensions";
			runOnlyForDeploymentPostprocessing = 0;
		};
		BAA9B4D82017336B001235D6 /* Embed Watch Content */ = {
			isa = PBXCopyFilesBuildPhase;
			buildActionMask = 2147483647;
			dstPath = "$(CONTENTS_FOLDER_PATH)/Watch";
			dstSubfolderSpec = 16;
			files = (
				BAA9B4D02017336B001235D6 /* WATCH.app in Embed Watch Content */,
			);
			name = "Embed Watch Content";
			runOnlyForDeploymentPostprocessing = 0;
		};
/* End PBXCopyFilesBuildPhase section */

/* Begin PBXFileReference section */
		025FA1019BB9B53110EDC7BF /* Pods_YARCH.framework */ = {isa = PBXFileReference; explicitFileType = wrapper.framework; includeInIndex = 0; path = Pods_YARCH.framework; sourceTree = BUILT_PRODUCTS_DIR; };
		06994E54E2DB051A9CA8D918 /* CatalogModel.swift */ = {isa = PBXFileReference; includeInIndex = 1; lastKnownFileType = sourcecode.swift; path = CatalogModel.swift; sourceTree = "<group>"; };
		0B0E9671DF46475CB33ABE8B /* CatalogProviderTests.swift */ = {isa = PBXFileReference; includeInIndex = 1; lastKnownFileType = sourcecode.swift; path = CatalogProviderTests.swift; sourceTree = "<group>"; };
		125082CCBAEF6CF386656798 /* CatalogInteractor.swift */ = {isa = PBXFileReference; includeInIndex = 1; lastKnownFileType = sourcecode.swift; path = CatalogInteractor.swift; sourceTree = "<group>"; };
		1537A8984F7C517A6686D99E /* CatalogDataFlow.swift */ = {isa = PBXFileReference; includeInIndex = 1; lastKnownFileType = sourcecode.swift; path = CatalogDataFlow.swift; sourceTree = "<group>"; };
		22DECD352A1CF37F3B826885 /* CatalogDetailsBuilderTests.swift */ = {isa = PBXFileReference; includeInIndex = 1; lastKnownFileType = sourcecode.swift; path = CatalogDetailsBuilderTests.swift; sourceTree = "<group>"; };
		26C76F952B12B6FBE208E7F9 /* CatalogPresenter.swift */ = {isa = PBXFileReference; includeInIndex = 1; lastKnownFileType = sourcecode.swift; path = CatalogPresenter.swift; sourceTree = "<group>"; };
		2A036F38FB9D6C99FEDD1976 /* CatalogDetailsDataFlow.swift */ = {isa = PBXFileReference; includeInIndex = 1; lastKnownFileType = sourcecode.swift; path = CatalogDetailsDataFlow.swift; sourceTree = "<group>"; };
		2C1B2BED2013582100AE41B3 /* NumberFormatterWorker.swift */ = {isa = PBXFileReference; lastKnownFileType = sourcecode.swift; path = NumberFormatterWorker.swift; sourceTree = "<group>"; };
		2C1B2BEF2013AE6600AE41B3 /* CatalogDetailsCoinImageView.swift */ = {isa = PBXFileReference; lastKnownFileType = sourcecode.swift; path = CatalogDetailsCoinImageView.swift; sourceTree = "<group>"; };
		2C2EB5AA1FDFB66100FED808 /* ImageProvider.swift */ = {isa = PBXFileReference; lastKnownFileType = sourcecode.swift; path = ImageProvider.swift; sourceTree = "<group>"; };
		2C598D5D1FDE705D00736F58 /* CoinSnapshotFullViewModel.swift */ = {isa = PBXFileReference; lastKnownFileType = sourcecode.swift; path = CoinSnapshotFullViewModel.swift; sourceTree = "<group>"; };
		2C6087EC2000BD82006ECE32 /* CoinSnapshotPropertyViewModel.swift */ = {isa = PBXFileReference; lastKnownFileType = sourcecode.swift; path = CoinSnapshotPropertyViewModel.swift; sourceTree = "<group>"; };
		2C79EF8920014F2D00BB05A8 /* StringExtension.swift */ = {isa = PBXFileReference; lastKnownFileType = sourcecode.swift; path = StringExtension.swift; sourceTree = "<group>"; };
		2C80D0EF2019E5850065D4C5 /* CoinSnapshotFullResponseModelTests.swift */ = {isa = PBXFileReference; lastKnownFileType = sourcecode.swift; path = CoinSnapshotFullResponseModelTests.swift; sourceTree = "<group>"; };
		2C89771D201F695D00BEAED3 /* HTTPAPIClient.swift */ = {isa = PBXFileReference; lastKnownFileType = sourcecode.swift; path = HTTPAPIClient.swift; sourceTree = "<group>"; };
		2C89771F201F6A8D00BEAED3 /* APIClientFactory.swift */ = {isa = PBXFileReference; lastKnownFileType = sourcecode.swift; path = APIClientFactory.swift; sourceTree = "<group>"; };
		2C897722201F6ACD00BEAED3 /* APIClientMock.swift */ = {isa = PBXFileReference; lastKnownFileType = sourcecode.swift; path = APIClientMock.swift; sourceTree = "<group>"; };
		2C897724201F6B2100BEAED3 /* APIClientError.swift */ = {isa = PBXFileReference; lastKnownFileType = sourcecode.swift; path = APIClientError.swift; sourceTree = "<group>"; };
		2C897726201F6B3800BEAED3 /* HTTPMethod.swift */ = {isa = PBXFileReference; lastKnownFileType = sourcecode.swift; path = HTTPMethod.swift; sourceTree = "<group>"; };
		2CA157602020B69500281BF1 /* NumberFormatterWorkerTests.swift */ = {isa = PBXFileReference; lastKnownFileType = sourcecode.swift; path = NumberFormatterWorkerTests.swift; sourceTree = "<group>"; };
		2CB98C431FFFBD86002A2568 /* CoinSymbolPlaceholderView.swift */ = {isa = PBXFileReference; lastKnownFileType = sourcecode.swift; path = CoinSymbolPlaceholderView.swift; sourceTree = "<group>"; };
		2CD945451FFD00850017CEAD /* CatalogDetailsTableDelegate.swift */ = {isa = PBXFileReference; lastKnownFileType = sourcecode.swift; path = CatalogDetailsTableDelegate.swift; sourceTree = "<group>"; };
		2CD945471FFD01230017CEAD /* CatalogDetailsTableDataSource.swift */ = {isa = PBXFileReference; lastKnownFileType = sourcecode.swift; path = CatalogDetailsTableDataSource.swift; sourceTree = "<group>"; };
		2CD9454B1FFD1ACE0017CEAD /* CatalogDetailsCell.swift */ = {isa = PBXFileReference; lastKnownFileType = sourcecode.swift; path = CatalogDetailsCell.swift; sourceTree = "<group>"; };
		2CD9454D1FFD1D420017CEAD /* CatalogDetailsCellViewModel.swift */ = {isa = PBXFileReference; lastKnownFileType = sourcecode.swift; path = CatalogDetailsCellViewModel.swift; sourceTree = "<group>"; };
		2CE28FBC1FFB6C6800FB081A /* CatalogDetailsHeaderView.swift */ = {isa = PBXFileReference; lastKnownFileType = sourcecode.swift; path = CatalogDetailsHeaderView.swift; sourceTree = "<group>"; };
		2CEB5C3B1FDD37B100E43341 /* CoinSnapshotFullResponseModel.swift */ = {isa = PBXFileReference; lastKnownFileType = sourcecode.swift; path = CoinSnapshotFullResponseModel.swift; sourceTree = "<group>"; };
		2CF2AB522020F8BE0077B240 /* APIClientProviderTests.swift */ = {isa = PBXFileReference; lastKnownFileType = sourcecode.swift; path = APIClientProviderTests.swift; sourceTree = "<group>"; };
		2CF2AB542020FC6B0077B240 /* APIClientProvider.swift */ = {isa = PBXFileReference; lastKnownFileType = sourcecode.swift; path = APIClientProvider.swift; sourceTree = "<group>"; };
		2D61866724B6C73FE8C973DC /* CatalogService.swift */ = {isa = PBXFileReference; includeInIndex = 1; lastKnownFileType = sourcecode.swift; path = CatalogService.swift; sourceTree = "<group>"; };
		306D47C9EBCD6C7B21D2E9CB /* CatalogDetailsViewController.swift */ = {isa = PBXFileReference; includeInIndex = 1; lastKnownFileType = sourcecode.swift; path = CatalogDetailsViewController.swift; sourceTree = "<group>"; };
		3AD86A924ACC330A543B6E7D /* Pods-YARCHTests.release.xcconfig */ = {isa = PBXFileReference; includeInIndex = 1; lastKnownFileType = text.xcconfig; name = "Pods-YARCHTests.release.xcconfig"; path = "Pods/Target Support Files/Pods-YARCHTests/Pods-YARCHTests.release.xcconfig"; sourceTree = "<group>"; };
		3EAB09649E354CDAFB5F3165 /* CatalogDataStore.swift */ = {isa = PBXFileReference; includeInIndex = 1; lastKnownFileType = sourcecode.swift; path = CatalogDataStore.swift; sourceTree = "<group>"; };
		42E32A9A254C749BCBE1E22F /* CatalogDetailsDataStore.swift */ = {isa = PBXFileReference; includeInIndex = 1; lastKnownFileType = sourcecode.swift; path = CatalogDetailsDataStore.swift; sourceTree = "<group>"; };
		451165BC1FCB337F0091ADB9 /* CatalogTableDataSource.swift */ = {isa = PBXFileReference; lastKnownFileType = sourcecode.swift; path = CatalogTableDataSource.swift; sourceTree = "<group>"; };
		451165BE1FCB33A80091ADB9 /* CatalogTableDelegate.swift */ = {isa = PBXFileReference; lastKnownFileType = sourcecode.swift; path = CatalogTableDelegate.swift; sourceTree = "<group>"; };
		451165C01FCB73300091ADB9 /* CatalogViewModel.swift */ = {isa = PBXFileReference; lastKnownFileType = sourcecode.swift; path = CatalogViewModel.swift; sourceTree = "<group>"; };
		451165C21FCB75B00091ADB9 /* CatalogCell.swift */ = {isa = PBXFileReference; lastKnownFileType = sourcecode.swift; path = CatalogCell.swift; sourceTree = "<group>"; };
		451165C41FCB77F20091ADB9 /* ArrayExtension.swift */ = {isa = PBXFileReference; lastKnownFileType = sourcecode.swift; path = ArrayExtension.swift; sourceTree = "<group>"; };
		454209B71FD99A4300613DB5 /* ResponseModel.swift */ = {isa = PBXFileReference; lastKnownFileType = sourcecode.swift; path = ResponseModel.swift; sourceTree = "<group>"; };
		45420A211FDC841700613DB5 /* APIClient.swift */ = {isa = PBXFileReference; lastKnownFileType = sourcecode.swift; path = APIClient.swift; sourceTree = "<group>"; };
		457D6DF21FCB0F9200E3AD5C /* LoadingSectionHeaderView.swift */ = {isa = PBXFileReference; fileEncoding = 4; lastKnownFileType = sourcecode.swift; path = LoadingSectionHeaderView.swift; sourceTree = "<group>"; };
		457D6DF31FCB0F9200E3AD5C /* LoadingTableViewCell.swift */ = {isa = PBXFileReference; fileEncoding = 4; lastKnownFileType = sourcecode.swift; path = LoadingTableViewCell.swift; sourceTree = "<group>"; };
		457D6DF41FCB0F9200E3AD5C /* LoadingTableViewDataSource.swift */ = {isa = PBXFileReference; fileEncoding = 4; lastKnownFileType = sourcecode.swift; path = LoadingTableViewDataSource.swift; sourceTree = "<group>"; };
		457D6DF51FCB0F9200E3AD5C /* LoadingTableViewDelegate.swift */ = {isa = PBXFileReference; fileEncoding = 4; lastKnownFileType = sourcecode.swift; path = LoadingTableViewDelegate.swift; sourceTree = "<group>"; };
		457D6DFC1FCB114400E3AD5C /* UIViewExtension.swift */ = {isa = PBXFileReference; lastKnownFileType = sourcecode.swift; path = UIViewExtension.swift; sourceTree = "<group>"; };
		457D6DFE1FCB128000E3AD5C /* UITableViewExtention.swift */ = {isa = PBXFileReference; lastKnownFileType = sourcecode.swift; path = UITableViewExtention.swift; sourceTree = "<group>"; };
		457D6E001FCB242800E3AD5C /* CatalogEmptyView.swift */ = {isa = PBXFileReference; fileEncoding = 4; lastKnownFileType = sourcecode.swift; path = CatalogEmptyView.swift; sourceTree = "<group>"; };
		457D6E011FCB242800E3AD5C /* CatalogErrorView.swift */ = {isa = PBXFileReference; fileEncoding = 4; lastKnownFileType = sourcecode.swift; path = CatalogErrorView.swift; sourceTree = "<group>"; };
		53283DE56954EDA904B1847D /* Pods-YARCH.release.xcconfig */ = {isa = PBXFileReference; includeInIndex = 1; lastKnownFileType = text.xcconfig; name = "Pods-YARCH.release.xcconfig"; path = "Pods/Target Support Files/Pods-YARCH/Pods-YARCH.release.xcconfig"; sourceTree = "<group>"; };
		533E223DE51E82B4BED4DC61 /* Pods-YARCH.debug.xcconfig */ = {isa = PBXFileReference; includeInIndex = 1; lastKnownFileType = text.xcconfig; name = "Pods-YARCH.debug.xcconfig"; path = "Pods/Target Support Files/Pods-YARCH/Pods-YARCH.debug.xcconfig"; sourceTree = "<group>"; };
		54527C07E728EDB9845F0CB8 /* CatalogBuilder.swift */ = {isa = PBXFileReference; includeInIndex = 1; lastKnownFileType = sourcecode.swift; path = CatalogBuilder.swift; sourceTree = "<group>"; };
		59058E675168738F012FCF74 /* CatalogDetailsInteractor.swift */ = {isa = PBXFileReference; includeInIndex = 1; lastKnownFileType = sourcecode.swift; path = CatalogDetailsInteractor.swift; sourceTree = "<group>"; };
		591D8014D21B11140D2C8C17 /* Pods_YARCHTests.framework */ = {isa = PBXFileReference; explicitFileType = wrapper.framework; includeInIndex = 0; path = Pods_YARCHTests.framework; sourceTree = BUILT_PRODUCTS_DIR; };
		5B0622B31366A295604A986B /* Pods-TV.debug.xcconfig */ = {isa = PBXFileReference; includeInIndex = 1; lastKnownFileType = text.xcconfig; name = "Pods-TV.debug.xcconfig"; path = "Pods/Target Support Files/Pods-TV/Pods-TV.debug.xcconfig"; sourceTree = "<group>"; };
		5D75E702F387A78654F2D788 /* CatalogDetailsViewControllerTests.swift */ = {isa = PBXFileReference; includeInIndex = 1; lastKnownFileType = sourcecode.swift; path = CatalogDetailsViewControllerTests.swift; sourceTree = "<group>"; };
		5FAE78200B13722D360EC4F6 /* CatalogDetailsPresenter.swift */ = {isa = PBXFileReference; includeInIndex = 1; lastKnownFileType = sourcecode.swift; path = CatalogDetailsPresenter.swift; sourceTree = "<group>"; };
		678038EB002D2E44B9FAF6D6 /* CatalogDetailsBuilder.swift */ = {isa = PBXFileReference; includeInIndex = 1; lastKnownFileType = sourcecode.swift; path = CatalogDetailsBuilder.swift; sourceTree = "<group>"; };
		70AF80A01FE8E17700BDFEF6 /* Result.swift */ = {isa = PBXFileReference; lastKnownFileType = sourcecode.swift; path = Result.swift; sourceTree = "<group>"; };
		71D50C168327374AAFF31C18 /* CatalogDetailsPresenterTests.swift */ = {isa = PBXFileReference; includeInIndex = 1; lastKnownFileType = sourcecode.swift; path = CatalogDetailsPresenterTests.swift; sourceTree = "<group>"; };
		77F15BCCA745D87B12ABB026 /* CatalogDetailsService.swift */ = {isa = PBXFileReference; includeInIndex = 1; lastKnownFileType = sourcecode.swift; path = CatalogDetailsService.swift; sourceTree = "<group>"; };
		79F5D8A8B1540D0D29696823 /* Pods_TV.framework */ = {isa = PBXFileReference; explicitFileType = wrapper.framework; includeInIndex = 0; path = Pods_TV.framework; sourceTree = BUILT_PRODUCTS_DIR; };
		86C700EB058F36B609DB718B /* CatalogDetailsProviderTests.swift */ = {isa = PBXFileReference; includeInIndex = 1; lastKnownFileType = sourcecode.swift; path = CatalogDetailsProviderTests.swift; sourceTree = "<group>"; };
		8CA1E7F4DADC5785C53D8346 /* CatalogBuilderTests.swift */ = {isa = PBXFileReference; includeInIndex = 1; lastKnownFileType = sourcecode.swift; path = CatalogBuilderTests.swift; sourceTree = "<group>"; };
		9309AB01CFAAD370092560FF /* CatalogViewControllerTests.swift */ = {isa = PBXFileReference; includeInIndex = 1; lastKnownFileType = sourcecode.swift; path = CatalogViewControllerTests.swift; sourceTree = "<group>"; };
		A1D5BC19BA8CE1770E3E2F59 /* CatalogDetailsView.swift */ = {isa = PBXFileReference; includeInIndex = 1; lastKnownFileType = sourcecode.swift; path = CatalogDetailsView.swift; sourceTree = "<group>"; };
		A86F5A3858B0832703A30526 /* Pods-YARCHTests.debug.xcconfig */ = {isa = PBXFileReference; includeInIndex = 1; lastKnownFileType = text.xcconfig; name = "Pods-YARCHTests.debug.xcconfig"; path = "Pods/Target Support Files/Pods-YARCHTests/Pods-YARCHTests.debug.xcconfig"; sourceTree = "<group>"; };
		AD4A651FE09B0E7C0A407443 /* CatalogViewController.swift */ = {isa = PBXFileReference; includeInIndex = 1; lastKnownFileType = sourcecode.swift; path = CatalogViewController.swift; sourceTree = "<group>"; };
		AED08C2EEA3B0D80339FA758 /* CatalogPresenterTests.swift */ = {isa = PBXFileReference; includeInIndex = 1; lastKnownFileType = sourcecode.swift; path = CatalogPresenterTests.swift; sourceTree = "<group>"; };
		B30BF74C1FBDD785005C8A83 /* YARCH.app */ = {isa = PBXFileReference; explicitFileType = wrapper.application; includeInIndex = 0; path = YARCH.app; sourceTree = BUILT_PRODUCTS_DIR; };
		B30BF74F1FBDD785005C8A83 /* AppDelegate.swift */ = {isa = PBXFileReference; lastKnownFileType = sourcecode.swift; path = AppDelegate.swift; sourceTree = "<group>"; };
		B30BF7511FBDD785005C8A83 /* ViewController.swift */ = {isa = PBXFileReference; lastKnownFileType = sourcecode.swift; path = ViewController.swift; sourceTree = "<group>"; };
		B30BF7541FBDD785005C8A83 /* Base */ = {isa = PBXFileReference; lastKnownFileType = file.storyboard; name = Base; path = Base.lproj/Main.storyboard; sourceTree = "<group>"; };
		B30BF7561FBDD785005C8A83 /* Assets.xcassets */ = {isa = PBXFileReference; lastKnownFileType = folder.assetcatalog; path = Assets.xcassets; sourceTree = "<group>"; };
		B30BF7591FBDD785005C8A83 /* Base */ = {isa = PBXFileReference; lastKnownFileType = file.storyboard; name = Base; path = Base.lproj/LaunchScreen.storyboard; sourceTree = "<group>"; };
		B30BF75B1FBDD785005C8A83 /* Info.plist */ = {isa = PBXFileReference; lastKnownFileType = text.plist.xml; path = Info.plist; sourceTree = "<group>"; };
		B30BF7601FBDD785005C8A83 /* YARCHTests.xctest */ = {isa = PBXFileReference; explicitFileType = wrapper.cfbundle; includeInIndex = 0; path = YARCHTests.xctest; sourceTree = BUILT_PRODUCTS_DIR; };
		B30BF7641FBDD785005C8A83 /* YARCHTests.swift */ = {isa = PBXFileReference; lastKnownFileType = sourcecode.swift; path = YARCHTests.swift; sourceTree = "<group>"; };
		B30BF7661FBDD785005C8A83 /* Info.plist */ = {isa = PBXFileReference; lastKnownFileType = text.plist.xml; path = Info.plist; sourceTree = "<group>"; };
		B33011881FC3017000488D77 /* UniqueIdentifiable.swift */ = {isa = PBXFileReference; fileEncoding = 4; lastKnownFileType = sourcecode.swift; path = UniqueIdentifiable.swift; sourceTree = "<group>"; };
		B33011891FC3017000488D77 /* ModuleBuilder.swift */ = {isa = PBXFileReference; fileEncoding = 4; lastKnownFileType = sourcecode.swift; path = ModuleBuilder.swift; sourceTree = "<group>"; };
		B46655D2C27A987757976E87 /* CatalogProvider.swift */ = {isa = PBXFileReference; includeInIndex = 1; lastKnownFileType = sourcecode.swift; path = CatalogProvider.swift; sourceTree = "<group>"; };
		BA8193982020943E006731F4 /* TV.app */ = {isa = PBXFileReference; explicitFileType = wrapper.application; includeInIndex = 0; path = TV.app; sourceTree = BUILT_PRODUCTS_DIR; };
		BA81939A2020943E006731F4 /* AppDelegate.swift */ = {isa = PBXFileReference; lastKnownFileType = sourcecode.swift; path = AppDelegate.swift; sourceTree = "<group>"; };
		BA81939C2020943E006731F4 /* ViewController.swift */ = {isa = PBXFileReference; lastKnownFileType = sourcecode.swift; path = ViewController.swift; sourceTree = "<group>"; };
		BA81939F2020943E006731F4 /* Base */ = {isa = PBXFileReference; lastKnownFileType = file.storyboard; name = Base; path = Base.lproj/Main.storyboard; sourceTree = "<group>"; };
		BA8193A12020943E006731F4 /* Assets.xcassets */ = {isa = PBXFileReference; lastKnownFileType = folder.assetcatalog; path = Assets.xcassets; sourceTree = "<group>"; };
		BA8193A32020943E006731F4 /* Info.plist */ = {isa = PBXFileReference; lastKnownFileType = text.plist.xml; path = Info.plist; sourceTree = "<group>"; };
		BA8193C020209584006731F4 /* Pods_YARCH.framework */ = {isa = PBXFileReference; explicitFileType = wrapper.framework; path = Pods_YARCH.framework; sourceTree = BUILT_PRODUCTS_DIR; };
		BAA9B4B62017336B001235D6 /* WATCH.app */ = {isa = PBXFileReference; explicitFileType = wrapper.application; includeInIndex = 0; path = WATCH.app; sourceTree = BUILT_PRODUCTS_DIR; };
		BAA9B4B92017336B001235D6 /* Base */ = {isa = PBXFileReference; lastKnownFileType = file.storyboard; name = Base; path = Base.lproj/Interface.storyboard; sourceTree = "<group>"; };
		BAA9B4BB2017336B001235D6 /* Assets.xcassets */ = {isa = PBXFileReference; lastKnownFileType = folder.assetcatalog; path = Assets.xcassets; sourceTree = "<group>"; };
		BAA9B4BD2017336B001235D6 /* Info.plist */ = {isa = PBXFileReference; lastKnownFileType = text.plist.xml; path = Info.plist; sourceTree = "<group>"; };
		BAA9B4C22017336B001235D6 /* WATCH Extension.appex */ = {isa = PBXFileReference; explicitFileType = "wrapper.app-extension"; includeInIndex = 0; path = "WATCH Extension.appex"; sourceTree = BUILT_PRODUCTS_DIR; };
		BAA9B4C72017336B001235D6 /* CatalogInterfaceController.swift */ = {isa = PBXFileReference; lastKnownFileType = sourcecode.swift; path = CatalogInterfaceController.swift; sourceTree = "<group>"; };
		BAA9B4CB2017336B001235D6 /* Assets.xcassets */ = {isa = PBXFileReference; lastKnownFileType = folder.assetcatalog; path = Assets.xcassets; sourceTree = "<group>"; };
		BAA9B4CD2017336B001235D6 /* Info.plist */ = {isa = PBXFileReference; lastKnownFileType = text.plist.xml; path = Info.plist; sourceTree = "<group>"; };
		BAA9B4E920173905001235D6 /* CatalogCell.swift */ = {isa = PBXFileReference; lastKnownFileType = sourcecode.swift; path = CatalogCell.swift; sourceTree = "<group>"; };
		C5348E8FD18C8061BA81CAB8 /* CatalogView.swift */ = {isa = PBXFileReference; includeInIndex = 1; lastKnownFileType = sourcecode.swift; path = CatalogView.swift; sourceTree = "<group>"; };
		C6E116D11D8876556FED99B8 /* CatalogDetailsInteractorTests.swift */ = {isa = PBXFileReference; includeInIndex = 1; lastKnownFileType = sourcecode.swift; path = CatalogDetailsInteractorTests.swift; sourceTree = "<group>"; };
		CC0656544F203B79E54A10CD /* CatalogModelTests.swift */ = {isa = PBXFileReference; includeInIndex = 1; lastKnownFileType = sourcecode.swift; path = CatalogModelTests.swift; sourceTree = "<group>"; };
		CC488560F7C4E708D4F9CDE6 /* CatalogInteractorTests.swift */ = {isa = PBXFileReference; includeInIndex = 1; lastKnownFileType = sourcecode.swift; path = CatalogInteractorTests.swift; sourceTree = "<group>"; };
		CF9A54B644D7DDC7A4256EC3 /* CatalogDetailsProvider.swift */ = {isa = PBXFileReference; includeInIndex = 1; lastKnownFileType = sourcecode.swift; path = CatalogDetailsProvider.swift; sourceTree = "<group>"; };
		DD237A7C43A839EC63626B09 /* Pods-TV.release.xcconfig */ = {isa = PBXFileReference; includeInIndex = 1; lastKnownFileType = text.xcconfig; name = "Pods-TV.release.xcconfig"; path = "Pods/Target Support Files/Pods-TV/Pods-TV.release.xcconfig"; sourceTree = "<group>"; };
		DF7426780CC973F96E5C896B /* CatalogServiceTests.swift */ = {isa = PBXFileReference; includeInIndex = 1; lastKnownFileType = sourcecode.swift; path = CatalogServiceTests.swift; sourceTree = "<group>"; };
		FD6878F0372F76679F9DC85B /* CatalogDetailsServiceTests.swift */ = {isa = PBXFileReference; includeInIndex = 1; lastKnownFileType = sourcecode.swift; path = CatalogDetailsServiceTests.swift; sourceTree = "<group>"; };
/* End PBXFileReference section */

/* Begin PBXFrameworksBuildPhase section */
		B30BF7491FBDD785005C8A83 /* Frameworks */ = {
			isa = PBXFrameworksBuildPhase;
			buildActionMask = 2147483647;
			files = (
				6893162C5200E6FD6B251C52 /* Pods_YARCH.framework in Frameworks */,
				ED077D3106E645289E6FF759 /* Pods_YARCH.framework in Frameworks */,
			);
			runOnlyForDeploymentPostprocessing = 0;
		};
		B30BF75D1FBDD785005C8A83 /* Frameworks */ = {
			isa = PBXFrameworksBuildPhase;
			buildActionMask = 2147483647;
			files = (
				D4231FCF5A2D96579179A5E7 /* Pods_YARCHTests.framework in Frameworks */,
			);
			runOnlyForDeploymentPostprocessing = 0;
		};
		B46699601E80B8B4C429768B /* Frameworks */ = {
			isa = PBXFrameworksBuildPhase;
			buildActionMask = 2147483647;
			files = (
			);
			runOnlyForDeploymentPostprocessing = 0;
		};
		BA8193952020943E006731F4 /* Frameworks */ = {
			isa = PBXFrameworksBuildPhase;
			buildActionMask = 2147483647;
			files = (
				72147674C4AA7678398460C2 /* Pods_TV.framework in Frameworks */,
			);
			runOnlyForDeploymentPostprocessing = 0;
		};
		BAA9B4BF2017336B001235D6 /* Frameworks */ = {
			isa = PBXFrameworksBuildPhase;
			buildActionMask = 2147483647;
			files = (
			);
			runOnlyForDeploymentPostprocessing = 0;
		};
/* End PBXFrameworksBuildPhase section */

/* Begin PBXGroup section */
		0CB7DFC271CF66A1AA34B1B1 /* View */ = {
			isa = PBXGroup;
			children = (
				457D6E001FCB242800E3AD5C /* CatalogEmptyView.swift */,
				457D6E011FCB242800E3AD5C /* CatalogErrorView.swift */,
				C5348E8FD18C8061BA81CAB8 /* CatalogView.swift */,
				451165C21FCB75B00091ADB9 /* CatalogCell.swift */,
				2CB98C431FFFBD86002A2568 /* CoinSymbolPlaceholderView.swift */,
			);
			path = View;
			sourceTree = "<group>";
		};
		1E94AFCDD5FEF6FE6D11FE9C /* Model */ = {
			isa = PBXGroup;
			children = (
				06994E54E2DB051A9CA8D918 /* CatalogModel.swift */,
				451165C01FCB73300091ADB9 /* CatalogViewModel.swift */,
				454209B71FD99A4300613DB5 /* ResponseModel.swift */,
			);
			path = Model;
			sourceTree = "<group>";
		};
		2C1B2BEC201357F400AE41B3 /* Workers */ = {
			isa = PBXGroup;
			children = (
				2C1B2BED2013582100AE41B3 /* NumberFormatterWorker.swift */,
			);
			path = Workers;
			sourceTree = "<group>";
		};
		2C4DE6F2ABCAB16C6B92E384 /* Provider */ = {
			isa = PBXGroup;
			children = (
				CF9A54B644D7DDC7A4256EC3 /* CatalogDetailsProvider.swift */,
				42E32A9A254C749BCBE1E22F /* CatalogDetailsDataStore.swift */,
				77F15BCCA745D87B12ABB026 /* CatalogDetailsService.swift */,
				2CEB5C3B1FDD37B100E43341 /* CoinSnapshotFullResponseModel.swift */,
			);
			path = Provider;
			sourceTree = "<group>";
		};
		2C598D5C1FDE703300736F58 /* ViewModel */ = {
			isa = PBXGroup;
			children = (
				2C598D5D1FDE705D00736F58 /* CoinSnapshotFullViewModel.swift */,
				2CD9454D1FFD1D420017CEAD /* CatalogDetailsCellViewModel.swift */,
			);
			path = ViewModel;
			sourceTree = "<group>";
		};
		2C897721201F6AB300BEAED3 /* Tests */ = {
			isa = PBXGroup;
			children = (
				2C897722201F6ACD00BEAED3 /* APIClientMock.swift */,
				2CF2AB522020F8BE0077B240 /* APIClientProviderTests.swift */,
			);
			path = Tests;
			sourceTree = "<group>";
		};
		445F8E07337F9075203C8467 /* Tests */ = {
			isa = PBXGroup;
			children = (
				22DECD352A1CF37F3B826885 /* CatalogDetailsBuilderTests.swift */,
				5D75E702F387A78654F2D788 /* CatalogDetailsViewControllerTests.swift */,
				C6E116D11D8876556FED99B8 /* CatalogDetailsInteractorTests.swift */,
				71D50C168327374AAFF31C18 /* CatalogDetailsPresenterTests.swift */,
				86C700EB058F36B609DB718B /* CatalogDetailsProviderTests.swift */,
				FD6878F0372F76679F9DC85B /* CatalogDetailsServiceTests.swift */,
				2C80D0EF2019E5850065D4C5 /* CoinSnapshotFullResponseModelTests.swift */,
				2CA157602020B69500281BF1 /* NumberFormatterWorkerTests.swift */,
			);
			path = Tests;
			sourceTree = "<group>";
		};
		457D6DF11FCB0F9200E3AD5C /* LoadingTableView */ = {
			isa = PBXGroup;
			children = (
				457D6DF21FCB0F9200E3AD5C /* LoadingSectionHeaderView.swift */,
				457D6DF31FCB0F9200E3AD5C /* LoadingTableViewCell.swift */,
				457D6DF41FCB0F9200E3AD5C /* LoadingTableViewDataSource.swift */,
				457D6DF51FCB0F9200E3AD5C /* LoadingTableViewDelegate.swift */,
			);
			path = LoadingTableView;
			sourceTree = "<group>";
		};
		457D6DFA1FCB10F900E3AD5C /* Helpers */ = {
			isa = PBXGroup;
			children = (
				457D6DFB1FCB112B00E3AD5C /* Extensions */,
				2C897721201F6AB300BEAED3 /* Tests */,
				45420A211FDC841700613DB5 /* APIClient.swift */,
				2C89771D201F695D00BEAED3 /* HTTPAPIClient.swift */,
				2C89771F201F6A8D00BEAED3 /* APIClientFactory.swift */,
				2CF2AB542020FC6B0077B240 /* APIClientProvider.swift */,
				2C897724201F6B2100BEAED3 /* APIClientError.swift */,
				2C897726201F6B3800BEAED3 /* HTTPMethod.swift */,
			);
			path = Helpers;
			sourceTree = "<group>";
		};
		457D6DFB1FCB112B00E3AD5C /* Extensions */ = {
			isa = PBXGroup;
			children = (
				457D6DFC1FCB114400E3AD5C /* UIViewExtension.swift */,
				457D6DFE1FCB128000E3AD5C /* UITableViewExtention.swift */,
				451165C41FCB77F20091ADB9 /* ArrayExtension.swift */,
				2C79EF8920014F2D00BB05A8 /* StringExtension.swift */,
			);
			path = Extensions;
			sourceTree = "<group>";
		};
		51D5413EB30C9457032665B7 /* Model */ = {
			isa = PBXGroup;
			children = (
				2C6087EC2000BD82006ECE32 /* CoinSnapshotPropertyViewModel.swift */,
			);
			path = Model;
			sourceTree = "<group>";
		};
		7A8D20C66F3B2A7BCAC0C4F7 /* View */ = {
			isa = PBXGroup;
			children = (
				A1D5BC19BA8CE1770E3E2F59 /* CatalogDetailsView.swift */,
				2CE28FBC1FFB6C6800FB081A /* CatalogDetailsHeaderView.swift */,
				2CD9454B1FFD1ACE0017CEAD /* CatalogDetailsCell.swift */,
				2C1B2BEF2013AE6600AE41B3 /* CatalogDetailsCoinImageView.swift */,
			);
			path = View;
			sourceTree = "<group>";
		};
		A74F88A73FD4388BBE59227D /* Tests */ = {
			isa = PBXGroup;
			children = (
				8CA1E7F4DADC5785C53D8346 /* CatalogBuilderTests.swift */,
				9309AB01CFAAD370092560FF /* CatalogViewControllerTests.swift */,
				CC488560F7C4E708D4F9CDE6 /* CatalogInteractorTests.swift */,
				AED08C2EEA3B0D80339FA758 /* CatalogPresenterTests.swift */,
				0B0E9671DF46475CB33ABE8B /* CatalogProviderTests.swift */,
				DF7426780CC973F96E5C896B /* CatalogServiceTests.swift */,
				CC0656544F203B79E54A10CD /* CatalogModelTests.swift */,
			);
			path = Tests;
			sourceTree = "<group>";
		};
		AC12091DEBAD47B3E03B286E /* Catalog */ = {
			isa = PBXGroup;
			children = (
				54527C07E728EDB9845F0CB8 /* CatalogBuilder.swift */,
				AD4A651FE09B0E7C0A407443 /* CatalogViewController.swift */,
				125082CCBAEF6CF386656798 /* CatalogInteractor.swift */,
				26C76F952B12B6FBE208E7F9 /* CatalogPresenter.swift */,
				1537A8984F7C517A6686D99E /* CatalogDataFlow.swift */,
				451165BE1FCB33A80091ADB9 /* CatalogTableDelegate.swift */,
				451165BC1FCB337F0091ADB9 /* CatalogTableDataSource.swift */,
				1E94AFCDD5FEF6FE6D11FE9C /* Model */,
				E8D4DDF4FF9C3857B19A24E0 /* Provider */,
				0CB7DFC271CF66A1AA34B1B1 /* View */,
				A74F88A73FD4388BBE59227D /* Tests */,
			);
			path = Catalog;
			sourceTree = "<group>";
		};
		B30BF7431FBDD785005C8A83 = {
			isa = PBXGroup;
			children = (
				B30BF74E1FBDD785005C8A83 /* YARCH */,
				B30BF7631FBDD785005C8A83 /* YARCHTests */,
				BAA9B4B72017336B001235D6 /* WATCH */,
				BAA9B4C62017336B001235D6 /* WATCH Extension */,
				BA8193992020943E006731F4 /* TV */,
				B30BF74D1FBDD785005C8A83 /* Products */,
				C1C367C98DE1247730984730 /* Pods */,
				F2607020F0A3D1DDEA4A5E83 /* Frameworks */,
			);
			sourceTree = "<group>";
		};
		B30BF74D1FBDD785005C8A83 /* Products */ = {
			isa = PBXGroup;
			children = (
				B30BF74C1FBDD785005C8A83 /* YARCH.app */,
				B30BF7601FBDD785005C8A83 /* YARCHTests.xctest */,
				BAA9B4B62017336B001235D6 /* WATCH.app */,
				BAA9B4C22017336B001235D6 /* WATCH Extension.appex */,
				BA8193982020943E006731F4 /* TV.app */,
			);
			name = Products;
			sourceTree = "<group>";
		};
		B30BF74E1FBDD785005C8A83 /* YARCH */ = {
			isa = PBXGroup;
			children = (
				457D6DFA1FCB10F900E3AD5C /* Helpers */,
				B3AE3D631FBDE2D60093CB03 /* Sources */,
				B3AE3D651FBDE3090093CB03 /* Resources */,
			);
			path = YARCH;
			sourceTree = "<group>";
		};
		B30BF7631FBDD785005C8A83 /* YARCHTests */ = {
			isa = PBXGroup;
			children = (
				B30BF7641FBDD785005C8A83 /* YARCHTests.swift */,
				B30BF7661FBDD785005C8A83 /* Info.plist */,
			);
			path = YARCHTests;
			sourceTree = "<group>";
		};
		B3AE3D631FBDE2D60093CB03 /* Sources */ = {
			isa = PBXGroup;
			children = (
				B33011891FC3017000488D77 /* ModuleBuilder.swift */,
				2C2EB5AA1FDFB66100FED808 /* ImageProvider.swift */,
				B33011881FC3017000488D77 /* UniqueIdentifiable.swift */,
				70AF80A01FE8E17700BDFEF6 /* Result.swift */,
				B30BF74F1FBDD785005C8A83 /* AppDelegate.swift */,
				B30BF7511FBDD785005C8A83 /* ViewController.swift */,
				457D6DF11FCB0F9200E3AD5C /* LoadingTableView */,
				B3AE3D641FBDE2FB0093CB03 /* Modules */,
			);
			path = Sources;
			sourceTree = "<group>";
		};
		B3AE3D641FBDE2FB0093CB03 /* Modules */ = {
			isa = PBXGroup;
			children = (
				AC12091DEBAD47B3E03B286E /* Catalog */,
				C69C32A07DBA7B69C7794657 /* CatalogDetails */,
			);
			path = Modules;
			sourceTree = "<group>";
		};
		B3AE3D651FBDE3090093CB03 /* Resources */ = {
			isa = PBXGroup;
			children = (
				B30BF7531FBDD785005C8A83 /* Main.storyboard */,
				B30BF7561FBDD785005C8A83 /* Assets.xcassets */,
				B30BF7581FBDD785005C8A83 /* LaunchScreen.storyboard */,
				B30BF75B1FBDD785005C8A83 /* Info.plist */,
			);
			path = Resources;
			sourceTree = "<group>";
		};
		BA8193992020943E006731F4 /* TV */ = {
			isa = PBXGroup;
			children = (
				BA81939A2020943E006731F4 /* AppDelegate.swift */,
				BA81939C2020943E006731F4 /* ViewController.swift */,
				BA81939E2020943E006731F4 /* Main.storyboard */,
				BA8193A12020943E006731F4 /* Assets.xcassets */,
				BA8193A32020943E006731F4 /* Info.plist */,
			);
			path = TV;
			sourceTree = "<group>";
		};
		BAA9B4B72017336B001235D6 /* WATCH */ = {
			isa = PBXGroup;
			children = (
				BAA9B4B82017336B001235D6 /* Interface.storyboard */,
				BAA9B4BB2017336B001235D6 /* Assets.xcassets */,
				BAA9B4BD2017336B001235D6 /* Info.plist */,
			);
			path = WATCH;
			sourceTree = "<group>";
		};
		BAA9B4C62017336B001235D6 /* WATCH Extension */ = {
			isa = PBXGroup;
			children = (
				BAA9B4E52017346E001235D6 /* Modules */,
				BAA9B4CB2017336B001235D6 /* Assets.xcassets */,
				BAA9B4CD2017336B001235D6 /* Info.plist */,
			);
			path = "WATCH Extension";
			sourceTree = "<group>";
		};
		BAA9B4E52017346E001235D6 /* Modules */ = {
			isa = PBXGroup;
			children = (
				BAA9B4E620173482001235D6 /* Catalog */,
			);
			path = Modules;
			sourceTree = "<group>";
		};
		BAA9B4E620173482001235D6 /* Catalog */ = {
			isa = PBXGroup;
			children = (
				BAA9B4C72017336B001235D6 /* CatalogInterfaceController.swift */,
				BAA9B4E72017348F001235D6 /* View */,
			);
			path = Catalog;
			sourceTree = "<group>";
		};
		BAA9B4E72017348F001235D6 /* View */ = {
			isa = PBXGroup;
			children = (
				BAA9B4E920173905001235D6 /* CatalogCell.swift */,
			);
			path = View;
			sourceTree = "<group>";
		};
		C1C367C98DE1247730984730 /* Pods */ = {
			isa = PBXGroup;
			children = (
				533E223DE51E82B4BED4DC61 /* Pods-YARCH.debug.xcconfig */,
				53283DE56954EDA904B1847D /* Pods-YARCH.release.xcconfig */,
				A86F5A3858B0832703A30526 /* Pods-YARCHTests.debug.xcconfig */,
				3AD86A924ACC330A543B6E7D /* Pods-YARCHTests.release.xcconfig */,
				5B0622B31366A295604A986B /* Pods-TV.debug.xcconfig */,
				DD237A7C43A839EC63626B09 /* Pods-TV.release.xcconfig */,
			);
			name = Pods;
			sourceTree = "<group>";
		};
		C69C32A07DBA7B69C7794657 /* CatalogDetails */ = {
			isa = PBXGroup;
			children = (
				678038EB002D2E44B9FAF6D6 /* CatalogDetailsBuilder.swift */,
				306D47C9EBCD6C7B21D2E9CB /* CatalogDetailsViewController.swift */,
				59058E675168738F012FCF74 /* CatalogDetailsInteractor.swift */,
				5FAE78200B13722D360EC4F6 /* CatalogDetailsPresenter.swift */,
				2A036F38FB9D6C99FEDD1976 /* CatalogDetailsDataFlow.swift */,
				2CD945451FFD00850017CEAD /* CatalogDetailsTableDelegate.swift */,
				2CD945471FFD01230017CEAD /* CatalogDetailsTableDataSource.swift */,
				2C4DE6F2ABCAB16C6B92E384 /* Provider */,
				2C1B2BEC201357F400AE41B3 /* Workers */,
				51D5413EB30C9457032665B7 /* Model */,
				7A8D20C66F3B2A7BCAC0C4F7 /* View */,
				2C598D5C1FDE703300736F58 /* ViewModel */,
				445F8E07337F9075203C8467 /* Tests */,
			);
			path = CatalogDetails;
			sourceTree = "<group>";
		};
		E8D4DDF4FF9C3857B19A24E0 /* Provider */ = {
			isa = PBXGroup;
			children = (
				B46655D2C27A987757976E87 /* CatalogProvider.swift */,
				3EAB09649E354CDAFB5F3165 /* CatalogDataStore.swift */,
				2D61866724B6C73FE8C973DC /* CatalogService.swift */,
			);
			path = Provider;
			sourceTree = "<group>";
		};
		F2607020F0A3D1DDEA4A5E83 /* Frameworks */ = {
			isa = PBXGroup;
			children = (
				BA8193C020209584006731F4 /* Pods_YARCH.framework */,
				025FA1019BB9B53110EDC7BF /* Pods_YARCH.framework */,
				591D8014D21B11140D2C8C17 /* Pods_YARCHTests.framework */,
				79F5D8A8B1540D0D29696823 /* Pods_TV.framework */,
			);
			name = Frameworks;
			sourceTree = "<group>";
		};
/* End PBXGroup section */

/* Begin PBXNativeTarget section */
		B30BF74B1FBDD785005C8A83 /* YARCH */ = {
			isa = PBXNativeTarget;
			buildConfigurationList = B30BF7691FBDD785005C8A83 /* Build configuration list for PBXNativeTarget "YARCH" */;
			buildPhases = (
				4CCB8551F4FB03702FA19DFA /* [CP] Check Pods Manifest.lock */,
				B30BF7481FBDD785005C8A83 /* Sources */,
				B30BF7491FBDD785005C8A83 /* Frameworks */,
				B30BF74A1FBDD785005C8A83 /* Resources */,
				30C7B64399B8A65D87A33F92 /* [CP] Embed Pods Frameworks */,
				927BE1A06EF4CBA38F13F579 /* [CP] Copy Pods Resources */,
				B37B2E2E1FCDA55E00D0E90B /* Swiftlint autocorrect */,
				B37B2E2C1FCDA50F00D0E90B /* Swiftlint */,
				BAA9B4D82017336B001235D6 /* Embed Watch Content */,
			);
			buildRules = (
			);
			dependencies = (
				BAA9B4CF2017336B001235D6 /* PBXTargetDependency */,
			);
			name = YARCH;
			productName = YARCH;
			productReference = B30BF74C1FBDD785005C8A83 /* YARCH.app */;
			productType = "com.apple.product-type.application";
		};
		B30BF75F1FBDD785005C8A83 /* YARCHTests */ = {
			isa = PBXNativeTarget;
			buildConfigurationList = B30BF76C1FBDD785005C8A83 /* Build configuration list for PBXNativeTarget "YARCHTests" */;
			buildPhases = (
				1BE521FC18EB6E67193E18B2 /* [CP] Check Pods Manifest.lock */,
				B30BF75C1FBDD785005C8A83 /* Sources */,
				B30BF75D1FBDD785005C8A83 /* Frameworks */,
				B30BF75E1FBDD785005C8A83 /* Resources */,
				9D8BE099EF37C43BDD44BD29 /* [CP] Embed Pods Frameworks */,
				9A0141A27B4F28A7A99FCA00 /* [CP] Copy Pods Resources */,
			);
			buildRules = (
			);
			dependencies = (
				B30BF7621FBDD785005C8A83 /* PBXTargetDependency */,
			);
			name = YARCHTests;
			productName = YARCHTests;
			productReference = B30BF7601FBDD785005C8A83 /* YARCHTests.xctest */;
			productType = "com.apple.product-type.bundle.unit-test";
		};
		BA8193972020943E006731F4 /* TV */ = {
			isa = PBXNativeTarget;
			buildConfigurationList = BA8193A62020943E006731F4 /* Build configuration list for PBXNativeTarget "TV" */;
			buildPhases = (
				CE4B8CA88DD0CA5F493A1A7D /* [CP] Check Pods Manifest.lock */,
				BA8193942020943E006731F4 /* Sources */,
				BA8193952020943E006731F4 /* Frameworks */,
				BA8193962020943E006731F4 /* Resources */,
				3F66E51A297FC449F054063E /* [CP] Embed Pods Frameworks */,
				F6A6EB63B00BABDF9CE00B1E /* [CP] Copy Pods Resources */,
			);
			buildRules = (
			);
			dependencies = (
			);
			name = TV;
			productName = TV;
			productReference = BA8193982020943E006731F4 /* TV.app */;
			productType = "com.apple.product-type.application";
		};
		BAA9B4B52017336B001235D6 /* WATCH */ = {
			isa = PBXNativeTarget;
			buildConfigurationList = BAA9B4D72017336B001235D6 /* Build configuration list for PBXNativeTarget "WATCH" */;
			buildPhases = (
				BAA9B4B42017336B001235D6 /* Resources */,
				BAA9B4D62017336B001235D6 /* Embed App Extensions */,
				B46699601E80B8B4C429768B /* Frameworks */,
			);
			buildRules = (
			);
			dependencies = (
				BAA9B4C52017336B001235D6 /* PBXTargetDependency */,
			);
			name = WATCH;
			productName = WATCH;
			productReference = BAA9B4B62017336B001235D6 /* WATCH.app */;
			productType = "com.apple.product-type.application.watchapp2";
		};
		BAA9B4C12017336B001235D6 /* WATCH Extension */ = {
			isa = PBXNativeTarget;
			buildConfigurationList = BAA9B4D52017336B001235D6 /* Build configuration list for PBXNativeTarget "WATCH Extension" */;
			buildPhases = (
				BAA9B4BE2017336B001235D6 /* Sources */,
				BAA9B4BF2017336B001235D6 /* Frameworks */,
				BAA9B4C02017336B001235D6 /* Resources */,
			);
			buildRules = (
			);
			dependencies = (
			);
			name = "WATCH Extension";
			productName = "WATCH Extension";
			productReference = BAA9B4C22017336B001235D6 /* WATCH Extension.appex */;
			productType = "com.apple.product-type.watchkit2-extension";
		};
/* End PBXNativeTarget section */

/* Begin PBXProject section */
		B30BF7441FBDD785005C8A83 /* Project object */ = {
			isa = PBXProject;
			attributes = {
				LastSwiftUpdateCheck = 0920;
				LastUpgradeCheck = 0910;
				ORGANIZATIONNAME = "Alfa-Bank";
				TargetAttributes = {
					B30BF74B1FBDD785005C8A83 = {
						CreatedOnToolsVersion = 9.1;
						ProvisioningStyle = Automatic;
					};
					B30BF75F1FBDD785005C8A83 = {
						CreatedOnToolsVersion = 9.1;
						ProvisioningStyle = Automatic;
						TestTargetID = B30BF74B1FBDD785005C8A83;
					};
					BA8193972020943E006731F4 = {
						CreatedOnToolsVersion = 9.2;
						ProvisioningStyle = Automatic;
					};
					BAA9B4B52017336B001235D6 = {
						CreatedOnToolsVersion = 9.2;
						ProvisioningStyle = Automatic;
					};
					BAA9B4C12017336B001235D6 = {
						CreatedOnToolsVersion = 9.2;
						ProvisioningStyle = Automatic;
					};
				};
			};
			buildConfigurationList = B30BF7471FBDD785005C8A83 /* Build configuration list for PBXProject "YARCH" */;
			compatibilityVersion = "Xcode 8.0";
			developmentRegion = en;
			hasScannedForEncodings = 0;
			knownRegions = (
				en,
				Base,
			);
			mainGroup = B30BF7431FBDD785005C8A83;
			productRefGroup = B30BF74D1FBDD785005C8A83 /* Products */;
			projectDirPath = "";
			projectRoot = "";
			targets = (
				B30BF74B1FBDD785005C8A83 /* YARCH */,
				B30BF75F1FBDD785005C8A83 /* YARCHTests */,
				BAA9B4B52017336B001235D6 /* WATCH */,
				BAA9B4C12017336B001235D6 /* WATCH Extension */,
				BA8193972020943E006731F4 /* TV */,
			);
		};
/* End PBXProject section */

/* Begin PBXResourcesBuildPhase section */
		B30BF74A1FBDD785005C8A83 /* Resources */ = {
			isa = PBXResourcesBuildPhase;
			buildActionMask = 2147483647;
			files = (
				B30BF75A1FBDD785005C8A83 /* LaunchScreen.storyboard in Resources */,
				B30BF7571FBDD785005C8A83 /* Assets.xcassets in Resources */,
				B30BF7551FBDD785005C8A83 /* Main.storyboard in Resources */,
			);
			runOnlyForDeploymentPostprocessing = 0;
		};
		B30BF75E1FBDD785005C8A83 /* Resources */ = {
			isa = PBXResourcesBuildPhase;
			buildActionMask = 2147483647;
			files = (
			);
			runOnlyForDeploymentPostprocessing = 0;
		};
		BA8193962020943E006731F4 /* Resources */ = {
			isa = PBXResourcesBuildPhase;
			buildActionMask = 2147483647;
			files = (
				BA8193A22020943E006731F4 /* Assets.xcassets in Resources */,
				BA8193A02020943E006731F4 /* Main.storyboard in Resources */,
			);
			runOnlyForDeploymentPostprocessing = 0;
		};
		BAA9B4B42017336B001235D6 /* Resources */ = {
			isa = PBXResourcesBuildPhase;
			buildActionMask = 2147483647;
			files = (
				BAA9B4BC2017336B001235D6 /* Assets.xcassets in Resources */,
				BAA9B4BA2017336B001235D6 /* Interface.storyboard in Resources */,
			);
			runOnlyForDeploymentPostprocessing = 0;
		};
		BAA9B4C02017336B001235D6 /* Resources */ = {
			isa = PBXResourcesBuildPhase;
			buildActionMask = 2147483647;
			files = (
				BAA9B4CC2017336B001235D6 /* Assets.xcassets in Resources */,
			);
			runOnlyForDeploymentPostprocessing = 0;
		};
/* End PBXResourcesBuildPhase section */

/* Begin PBXShellScriptBuildPhase section */
		1BE521FC18EB6E67193E18B2 /* [CP] Check Pods Manifest.lock */ = {
			isa = PBXShellScriptBuildPhase;
			buildActionMask = 2147483647;
			files = (
			);
			inputPaths = (
				"${PODS_PODFILE_DIR_PATH}/Podfile.lock",
				"${PODS_ROOT}/Manifest.lock",
			);
			name = "[CP] Check Pods Manifest.lock";
			outputPaths = (
				"$(DERIVED_FILE_DIR)/Pods-YARCHTests-checkManifestLockResult.txt",
			);
			runOnlyForDeploymentPostprocessing = 0;
			shellPath = /bin/sh;
			shellScript = "diff \"${PODS_PODFILE_DIR_PATH}/Podfile.lock\" \"${PODS_ROOT}/Manifest.lock\" > /dev/null\nif [ $? != 0 ] ; then\n    # print error to STDERR\n    echo \"error: The sandbox is not in sync with the Podfile.lock. Run 'pod install' or update your CocoaPods installation.\" >&2\n    exit 1\nfi\n# This output is used by Xcode 'outputs' to avoid re-running this script phase.\necho \"SUCCESS\" > \"${SCRIPT_OUTPUT_FILE_0}\"\n";
			showEnvVarsInLog = 0;
		};
		30C7B64399B8A65D87A33F92 /* [CP] Embed Pods Frameworks */ = {
			isa = PBXShellScriptBuildPhase;
			buildActionMask = 2147483647;
			files = (
			);
			inputPaths = (
				"${SRCROOT}/Pods/Target Support Files/Pods-YARCH/Pods-YARCH-frameworks.sh",
				"${BUILT_PRODUCTS_DIR}/SnapKit-iOS/SnapKit.framework",
			);
			name = "[CP] Embed Pods Frameworks";
			outputPaths = (
				"${TARGET_BUILD_DIR}/${FRAMEWORKS_FOLDER_PATH}/SnapKit.framework",
			);
			runOnlyForDeploymentPostprocessing = 0;
			shellPath = /bin/sh;
			shellScript = "\"${SRCROOT}/Pods/Target Support Files/Pods-YARCH/Pods-YARCH-frameworks.sh\"\n";
			showEnvVarsInLog = 0;
		};
		3F66E51A297FC449F054063E /* [CP] Embed Pods Frameworks */ = {
			isa = PBXShellScriptBuildPhase;
			buildActionMask = 2147483647;
			files = (
			);
			inputPaths = (
				"${SRCROOT}/Pods/Target Support Files/Pods-TV/Pods-TV-frameworks.sh",
				"${BUILT_PRODUCTS_DIR}/SnapKit-tvOS/SnapKit.framework",
			);
			name = "[CP] Embed Pods Frameworks";
			outputPaths = (
				"${TARGET_BUILD_DIR}/${FRAMEWORKS_FOLDER_PATH}/SnapKit.framework",
			);
			runOnlyForDeploymentPostprocessing = 0;
			shellPath = /bin/sh;
			shellScript = "\"${SRCROOT}/Pods/Target Support Files/Pods-TV/Pods-TV-frameworks.sh\"\n";
			showEnvVarsInLog = 0;
		};
		4CCB8551F4FB03702FA19DFA /* [CP] Check Pods Manifest.lock */ = {
			isa = PBXShellScriptBuildPhase;
			buildActionMask = 2147483647;
			files = (
			);
			inputPaths = (
				"${PODS_PODFILE_DIR_PATH}/Podfile.lock",
				"${PODS_ROOT}/Manifest.lock",
			);
			name = "[CP] Check Pods Manifest.lock";
			outputPaths = (
				"$(DERIVED_FILE_DIR)/Pods-YARCH-checkManifestLockResult.txt",
			);
			runOnlyForDeploymentPostprocessing = 0;
			shellPath = /bin/sh;
			shellScript = "diff \"${PODS_PODFILE_DIR_PATH}/Podfile.lock\" \"${PODS_ROOT}/Manifest.lock\" > /dev/null\nif [ $? != 0 ] ; then\n    # print error to STDERR\n    echo \"error: The sandbox is not in sync with the Podfile.lock. Run 'pod install' or update your CocoaPods installation.\" >&2\n    exit 1\nfi\n# This output is used by Xcode 'outputs' to avoid re-running this script phase.\necho \"SUCCESS\" > \"${SCRIPT_OUTPUT_FILE_0}\"\n";
			showEnvVarsInLog = 0;
		};
		927BE1A06EF4CBA38F13F579 /* [CP] Copy Pods Resources */ = {
			isa = PBXShellScriptBuildPhase;
			buildActionMask = 2147483647;
			files = (
			);
			inputPaths = (
			);
			name = "[CP] Copy Pods Resources";
			outputPaths = (
			);
			runOnlyForDeploymentPostprocessing = 0;
			shellPath = /bin/sh;
			shellScript = "\"${SRCROOT}/Pods/Target Support Files/Pods-YARCH/Pods-YARCH-resources.sh\"\n";
			showEnvVarsInLog = 0;
		};
		9A0141A27B4F28A7A99FCA00 /* [CP] Copy Pods Resources */ = {
			isa = PBXShellScriptBuildPhase;
			buildActionMask = 2147483647;
			files = (
			);
			inputPaths = (
			);
			name = "[CP] Copy Pods Resources";
			outputPaths = (
			);
			runOnlyForDeploymentPostprocessing = 0;
			shellPath = /bin/sh;
			shellScript = "\"${SRCROOT}/Pods/Target Support Files/Pods-YARCHTests/Pods-YARCHTests-resources.sh\"\n";
			showEnvVarsInLog = 0;
		};
		9D8BE099EF37C43BDD44BD29 /* [CP] Embed Pods Frameworks */ = {
			isa = PBXShellScriptBuildPhase;
			buildActionMask = 2147483647;
			files = (
			);
			inputPaths = (
				"${SRCROOT}/Pods/Target Support Files/Pods-YARCHTests/Pods-YARCHTests-frameworks.sh",
				"${BUILT_PRODUCTS_DIR}/Nimble/Nimble.framework",
				"${BUILT_PRODUCTS_DIR}/Quick/Quick.framework",
			);
			name = "[CP] Embed Pods Frameworks";
			outputPaths = (
				"${TARGET_BUILD_DIR}/${FRAMEWORKS_FOLDER_PATH}/Nimble.framework",
				"${TARGET_BUILD_DIR}/${FRAMEWORKS_FOLDER_PATH}/Quick.framework",
			);
			runOnlyForDeploymentPostprocessing = 0;
			shellPath = /bin/sh;
			shellScript = "\"${SRCROOT}/Pods/Target Support Files/Pods-YARCHTests/Pods-YARCHTests-frameworks.sh\"\n";
			showEnvVarsInLog = 0;
		};
		B37B2E2C1FCDA50F00D0E90B /* Swiftlint */ = {
			isa = PBXShellScriptBuildPhase;
			buildActionMask = 2147483647;
			files = (
			);
			inputPaths = (
			);
			name = Swiftlint;
			outputPaths = (
			);
			runOnlyForDeploymentPostprocessing = 0;
			shellPath = /bin/sh;
			shellScript = "${PODS_ROOT}/SwiftLint/swiftlint";
		};
		B37B2E2E1FCDA55E00D0E90B /* Swiftlint autocorrect */ = {
			isa = PBXShellScriptBuildPhase;
			buildActionMask = 2147483647;
			files = (
			);
			inputPaths = (
			);
			name = "Swiftlint autocorrect";
			outputPaths = (
			);
			runOnlyForDeploymentPostprocessing = 0;
			shellPath = /bin/sh;
			shellScript = "${PODS_ROOT}/SwiftLint/swiftlint autocorrect";
		};
		CE4B8CA88DD0CA5F493A1A7D /* [CP] Check Pods Manifest.lock */ = {
			isa = PBXShellScriptBuildPhase;
			buildActionMask = 2147483647;
			files = (
			);
			inputPaths = (
				"${PODS_PODFILE_DIR_PATH}/Podfile.lock",
				"${PODS_ROOT}/Manifest.lock",
			);
			name = "[CP] Check Pods Manifest.lock";
			outputPaths = (
				"$(DERIVED_FILE_DIR)/Pods-TV-checkManifestLockResult.txt",
			);
			runOnlyForDeploymentPostprocessing = 0;
			shellPath = /bin/sh;
			shellScript = "diff \"${PODS_PODFILE_DIR_PATH}/Podfile.lock\" \"${PODS_ROOT}/Manifest.lock\" > /dev/null\nif [ $? != 0 ] ; then\n    # print error to STDERR\n    echo \"error: The sandbox is not in sync with the Podfile.lock. Run 'pod install' or update your CocoaPods installation.\" >&2\n    exit 1\nfi\n# This output is used by Xcode 'outputs' to avoid re-running this script phase.\necho \"SUCCESS\" > \"${SCRIPT_OUTPUT_FILE_0}\"\n";
			showEnvVarsInLog = 0;
		};
		F6A6EB63B00BABDF9CE00B1E /* [CP] Copy Pods Resources */ = {
			isa = PBXShellScriptBuildPhase;
			buildActionMask = 2147483647;
			files = (
			);
			inputPaths = (
			);
			name = "[CP] Copy Pods Resources";
			outputPaths = (
			);
			runOnlyForDeploymentPostprocessing = 0;
			shellPath = /bin/sh;
			shellScript = "\"${SRCROOT}/Pods/Target Support Files/Pods-TV/Pods-TV-resources.sh\"\n";
			showEnvVarsInLog = 0;
		};
/* End PBXShellScriptBuildPhase section */

/* Begin PBXSourcesBuildPhase section */
		B30BF7481FBDD785005C8A83 /* Sources */ = {
			isa = PBXSourcesBuildPhase;
			buildActionMask = 2147483647;
			files = (
				2CFD6BC62024ECF600BFC1BF /* LoadingTableViewDataSource.swift in Sources */,
				2CFD6BC52024ECEE00BFC1BF /* CatalogService.swift in Sources */,
				2CFD6BC42024ECD800BFC1BF /* CatalogViewModel.swift in Sources */,
				2CFD6BC32024ECCC00BFC1BF /* CatalogView.swift in Sources */,
				457D6DFF1FCB128000E3AD5C /* UITableViewExtention.swift in Sources */,
				2C89771E201F695D00BEAED3 /* HTTPAPIClient.swift in Sources */,
				B30BF7521FBDD785005C8A83 /* ViewController.swift in Sources */,
				2CD945481FFD01230017CEAD /* CatalogDetailsTableDataSource.swift in Sources */,
				2C1B2BEE2013582100AE41B3 /* NumberFormatterWorker.swift in Sources */,
				2CE28FBD1FFB6C6800FB081A /* CatalogDetailsHeaderView.swift in Sources */,
				B30BF7501FBDD785005C8A83 /* AppDelegate.swift in Sources */,
				457D6E021FCB242800E3AD5C /* CatalogEmptyView.swift in Sources */,
				457D6DF61FCB0F9300E3AD5C /* LoadingSectionHeaderView.swift in Sources */,
				45420A221FDC841700613DB5 /* APIClient.swift in Sources */,
				70AF80A11FE8E17700BDFEF6 /* Result.swift in Sources */,
				2C6087ED2000BD82006ECE32 /* CoinSnapshotPropertyViewModel.swift in Sources */,
				B330118A1FC3017000488D77 /* UniqueIdentifiable.swift in Sources */,
				B330118B1FC3017000488D77 /* ModuleBuilder.swift in Sources */,
				3E83E1C642A78587CB7A2B75 /* CatalogBuilder.swift in Sources */,
				457D6DF71FCB0F9300E3AD5C /* LoadingTableViewCell.swift in Sources */,
				457D6E031FCB242800E3AD5C /* CatalogErrorView.swift in Sources */,
				E41E0C4DFE9F0E3D2A7A424C /* CatalogViewController.swift in Sources */,
				CD5FD9D2A810A3927D12248B /* CatalogInteractor.swift in Sources */,
				E05F8E239F776786CA6E8618 /* CatalogPresenter.swift in Sources */,
				451165C31FCB75B00091ADB9 /* CatalogCell.swift in Sources */,
				457D6DFD1FCB114400E3AD5C /* UIViewExtension.swift in Sources */,
				4EE8CDEC894A89FE219646AD /* CatalogDataFlow.swift in Sources */,
				40EE936B634852D2A2D33980 /* CatalogModel.swift in Sources */,
				1D24CB1E46D42C9F67A40895 /* CatalogProvider.swift in Sources */,
				2C79EF8A20014F2D00BB05A8 /* StringExtension.swift in Sources */,
				454209B81FD99A4300613DB5 /* ResponseModel.swift in Sources */,
				451165BD1FCB337F0091ADB9 /* CatalogTableDataSource.swift in Sources */,
				457D6DF91FCB0F9300E3AD5C /* LoadingTableViewDelegate.swift in Sources */,
				2C897720201F6A8D00BEAED3 /* APIClientFactory.swift in Sources */,
				451165BF1FCB33A80091ADB9 /* CatalogTableDelegate.swift in Sources */,
				451165C51FCB77F20091ADB9 /* ArrayExtension.swift in Sources */,
				77DACDAFAA0725E4B191F924 /* CatalogDataStore.swift in Sources */,
				2C897725201F6B2100BEAED3 /* APIClientError.swift in Sources */,
				2C897727201F6B3800BEAED3 /* HTTPMethod.swift in Sources */,
				2CF2AB552020FC6B0077B240 /* APIClientProvider.swift in Sources */,
				2C598D5E1FDE705D00736F58 /* CoinSnapshotFullViewModel.swift in Sources */,
				2CD945461FFD00850017CEAD /* CatalogDetailsTableDelegate.swift in Sources */,
				2C1B2BF02013AE6600AE41B3 /* CatalogDetailsCoinImageView.swift in Sources */,
				2C2EB5AB1FDFB66100FED808 /* ImageProvider.swift in Sources */,
				2CB98C441FFFBD86002A2568 /* CoinSymbolPlaceholderView.swift in Sources */,
				FF306F420E4E1342CEA3D128 /* CatalogDetailsBuilder.swift in Sources */,
				41211F22FAC616D2F7C513B6 /* CatalogDetailsViewController.swift in Sources */,
				DD939B21474EC0A81D22DF0A /* CatalogDetailsInteractor.swift in Sources */,
				2CEB5C3C1FDD37B100E43341 /* CoinSnapshotFullResponseModel.swift in Sources */,
				DCC563F694BCF2AA50181A38 /* CatalogDetailsPresenter.swift in Sources */,
				2CD9454C1FFD1ACE0017CEAD /* CatalogDetailsCell.swift in Sources */,
				2D82453F3F971F77F173D5A2 /* CatalogDetailsDataFlow.swift in Sources */,
				2CD9454E1FFD1D420017CEAD /* CatalogDetailsCellViewModel.swift in Sources */,
				8E5C4519870E9A982A356344 /* CatalogDetailsProvider.swift in Sources */,
				592394107D6B55CF87D0E9EB /* CatalogDetailsDataStore.swift in Sources */,
				C1A72D3AF6333934008F7599 /* CatalogDetailsService.swift in Sources */,
				C6047C261008D9CE164D204D /* CatalogDetailsView.swift in Sources */,
			);
			runOnlyForDeploymentPostprocessing = 0;
		};
		B30BF75C1FBDD785005C8A83 /* Sources */ = {
			isa = PBXSourcesBuildPhase;
			buildActionMask = 2147483647;
			files = (
				2C87A756202C2D54001D9FD9 /* CatalogDetailsServiceTests.swift in Sources */,
				B30BF7651FBDD785005C8A83 /* YARCHTests.swift in Sources */,
				2C897723201F6ACD00BEAED3 /* APIClientMock.swift in Sources */,
				2C87A752202C2D41001D9FD9 /* CatalogDetailsBuilderTests.swift in Sources */,
				A61E964033266AB0AF8E4377 /* CatalogBuilderTests.swift in Sources */,
				2C80D0F02019E5850065D4C5 /* CoinSnapshotFullResponseModelTests.swift in Sources */,
				6BF1DC0142F0FFCFD56BA42F /* CatalogViewControllerTests.swift in Sources */,
				2C87A753202C2D48001D9FD9 /* CatalogDetailsInteractorTests.swift in Sources */,
				89FFCF173102FE39D6C0242A /* CatalogInteractorTests.swift in Sources */,
				2C87A751202C2D2F001D9FD9 /* CatalogDetailsViewControllerTests.swift in Sources */,
				2CA157612020B69500281BF1 /* NumberFormatterWorkerTests.swift in Sources */,
				A9329572989BC50533E2F265 /* CatalogPresenterTests.swift in Sources */,
				9CB6EC50BF500E32B3153A36 /* CatalogProviderTests.swift in Sources */,
				2C87A755202C2D50001D9FD9 /* CatalogDetailsProviderTests.swift in Sources */,
				9A15C65E71D45E0FE67091F9 /* CatalogServiceTests.swift in Sources */,
				2C87A754202C2D4C001D9FD9 /* CatalogDetailsPresenterTests.swift in Sources */,
				CB797E62A19181E405CB5295 /* CatalogModelTests.swift in Sources */,
				2CF2AB532020F8BE0077B240 /* APIClientProviderTests.swift in Sources */,
			);
			runOnlyForDeploymentPostprocessing = 0;
		};
		BA8193942020943E006731F4 /* Sources */ = {
			isa = PBXSourcesBuildPhase;
			buildActionMask = 2147483647;
			files = (
				BA81939D2020943E006731F4 /* ViewController.swift in Sources */,
				BA8193AF2020955C006731F4 /* CatalogViewController.swift in Sources */,
				BA8193AE2020955C006731F4 /* CatalogBuilder.swift in Sources */,
				BA8193A920209553006731F4 /* Result.swift in Sources */,
				BA8193B520209560006731F4 /* CatalogModel.swift in Sources */,
				BA8193AA20209553006731F4 /* LoadingSectionHeaderView.swift in Sources */,
				BA8193B820209564006731F4 /* CatalogProvider.swift in Sources */,
				BA8193B920209564006731F4 /* CatalogDataStore.swift in Sources */,
				BA8193B42020955C006731F4 /* CatalogTableDataSource.swift in Sources */,
				BA8193BD2020956A006731F4 /* CatalogView.swift in Sources */,
				BA8193BA20209564006731F4 /* CatalogService.swift in Sources */,
				BA8193BB2020956A006731F4 /* CatalogEmptyView.swift in Sources */,
				BA8193AB20209553006731F4 /* LoadingTableViewCell.swift in Sources */,
				BA8193BE2020956A006731F4 /* CatalogCell.swift in Sources */,
				BA8193B620209560006731F4 /* CatalogViewModel.swift in Sources */,
				BA8193C4202097EC006731F4 /* ArrayExtension.swift in Sources */,
				BA8193AD20209553006731F4 /* LoadingTableViewDelegate.swift in Sources */,
				BA8193C3202097EC006731F4 /* UITableViewExtention.swift in Sources */,
				BA8193B12020955C006731F4 /* CatalogPresenter.swift in Sources */,
				BA81939B2020943E006731F4 /* AppDelegate.swift in Sources */,
				BA8193C2202097EC006731F4 /* UIViewExtension.swift in Sources */,
				BA8193B02020955C006731F4 /* CatalogInteractor.swift in Sources */,
				BA8193BC2020956A006731F4 /* CatalogErrorView.swift in Sources */,
				BA8193A820209553006731F4 /* UniqueIdentifiable.swift in Sources */,
				BA8193B22020955C006731F4 /* CatalogDataFlow.swift in Sources */,
				BA8193AC20209553006731F4 /* LoadingTableViewDataSource.swift in Sources */,
				BA8193B32020955C006731F4 /* CatalogTableDelegate.swift in Sources */,
				BA8193A720209553006731F4 /* ModuleBuilder.swift in Sources */,
				BA8193B720209560006731F4 /* ResponseModel.swift in Sources */,
				BA8193C1202097E7006731F4 /* APIClient.swift in Sources */,
			);
			runOnlyForDeploymentPostprocessing = 0;
		};
		BAA9B4BE2017336B001235D6 /* Sources */ = {
			isa = PBXSourcesBuildPhase;
			buildActionMask = 2147483647;
			files = (
				BAA9B4DA201733A7001235D6 /* CatalogPresenter.swift in Sources */,
				2C92765F20210839006274EC /* HTTPAPIClient.swift in Sources */,
				BAA9B4E0201733AE001235D6 /* CatalogDataStore.swift in Sources */,
				BAA9B4E2201733C4001235D6 /* UniqueIdentifiable.swift in Sources */,
				BAA9B4E4201733D3001235D6 /* Result.swift in Sources */,
				BAA9B4C82017336B001235D6 /* CatalogInterfaceController.swift in Sources */,
				BAA9B4EA20173905001235D6 /* CatalogCell.swift in Sources */,
				2C92765C20210824006274EC /* APIClientProvider.swift in Sources */,
				BAA9B4DC201733AA001235D6 /* CatalogModel.swift in Sources */,
				BAA9B4D9201733A7001235D6 /* CatalogInteractor.swift in Sources */,
				2C92765B20210821006274EC /* HTTPMethod.swift in Sources */,
				2C92765D20210827006274EC /* APIClientFactory.swift in Sources */,
				BAA9B4DF201733AE001235D6 /* CatalogProvider.swift in Sources */,
				BAA9B4DB201733A7001235D6 /* CatalogDataFlow.swift in Sources */,
				BAA9B4E3201733CB001235D6 /* APIClient.swift in Sources */,
				BAA9B4DE201733AA001235D6 /* ResponseModel.swift in Sources */,
				BAA9B4E1201733AE001235D6 /* CatalogService.swift in Sources */,
				2C92765E20210835006274EC /* APIClientError.swift in Sources */,
				BAA9B4DD201733AA001235D6 /* CatalogViewModel.swift in Sources */,
			);
			runOnlyForDeploymentPostprocessing = 0;
		};
/* End PBXSourcesBuildPhase section */

/* Begin PBXTargetDependency section */
		B30BF7621FBDD785005C8A83 /* PBXTargetDependency */ = {
			isa = PBXTargetDependency;
			target = B30BF74B1FBDD785005C8A83 /* YARCH */;
			targetProxy = B30BF7611FBDD785005C8A83 /* PBXContainerItemProxy */;
		};
		BAA9B4C52017336B001235D6 /* PBXTargetDependency */ = {
			isa = PBXTargetDependency;
			target = BAA9B4C12017336B001235D6 /* WATCH Extension */;
			targetProxy = BAA9B4C42017336B001235D6 /* PBXContainerItemProxy */;
		};
		BAA9B4CF2017336B001235D6 /* PBXTargetDependency */ = {
			isa = PBXTargetDependency;
			target = BAA9B4B52017336B001235D6 /* WATCH */;
			targetProxy = BAA9B4CE2017336B001235D6 /* PBXContainerItemProxy */;
		};
/* End PBXTargetDependency section */

/* Begin PBXVariantGroup section */
		B30BF7531FBDD785005C8A83 /* Main.storyboard */ = {
			isa = PBXVariantGroup;
			children = (
				B30BF7541FBDD785005C8A83 /* Base */,
			);
			name = Main.storyboard;
			sourceTree = "<group>";
		};
		B30BF7581FBDD785005C8A83 /* LaunchScreen.storyboard */ = {
			isa = PBXVariantGroup;
			children = (
				B30BF7591FBDD785005C8A83 /* Base */,
			);
			name = LaunchScreen.storyboard;
			sourceTree = "<group>";
		};
		BA81939E2020943E006731F4 /* Main.storyboard */ = {
			isa = PBXVariantGroup;
			children = (
				BA81939F2020943E006731F4 /* Base */,
			);
			name = Main.storyboard;
			sourceTree = "<group>";
		};
		BAA9B4B82017336B001235D6 /* Interface.storyboard */ = {
			isa = PBXVariantGroup;
			children = (
				BAA9B4B92017336B001235D6 /* Base */,
			);
			name = Interface.storyboard;
			sourceTree = "<group>";
		};
/* End PBXVariantGroup section */

/* Begin XCBuildConfiguration section */
		B30BF7671FBDD785005C8A83 /* Debug */ = {
			isa = XCBuildConfiguration;
			buildSettings = {
				ALWAYS_SEARCH_USER_PATHS = NO;
				CLANG_ANALYZER_NONNULL = YES;
				CLANG_ANALYZER_NUMBER_OBJECT_CONVERSION = YES_AGGRESSIVE;
				CLANG_CXX_LANGUAGE_STANDARD = "gnu++14";
				CLANG_CXX_LIBRARY = "libc++";
				CLANG_ENABLE_MODULES = YES;
				CLANG_ENABLE_OBJC_ARC = YES;
				CLANG_WARN_BLOCK_CAPTURE_AUTORELEASING = YES;
				CLANG_WARN_BOOL_CONVERSION = YES;
				CLANG_WARN_COMMA = YES;
				CLANG_WARN_CONSTANT_CONVERSION = YES;
				CLANG_WARN_DIRECT_OBJC_ISA_USAGE = YES_ERROR;
				CLANG_WARN_DOCUMENTATION_COMMENTS = YES;
				CLANG_WARN_EMPTY_BODY = YES;
				CLANG_WARN_ENUM_CONVERSION = YES;
				CLANG_WARN_INFINITE_RECURSION = YES;
				CLANG_WARN_INT_CONVERSION = YES;
				CLANG_WARN_NON_LITERAL_NULL_CONVERSION = YES;
				CLANG_WARN_OBJC_LITERAL_CONVERSION = YES;
				CLANG_WARN_OBJC_ROOT_CLASS = YES_ERROR;
				CLANG_WARN_RANGE_LOOP_ANALYSIS = YES;
				CLANG_WARN_STRICT_PROTOTYPES = YES;
				CLANG_WARN_SUSPICIOUS_MOVE = YES;
				CLANG_WARN_UNGUARDED_AVAILABILITY = YES_AGGRESSIVE;
				CLANG_WARN_UNREACHABLE_CODE = YES;
				CLANG_WARN__DUPLICATE_METHOD_MATCH = YES;
				CODE_SIGN_IDENTITY = "iPhone Developer";
				COPY_PHASE_STRIP = NO;
				DEBUG_INFORMATION_FORMAT = dwarf;
				ENABLE_STRICT_OBJC_MSGSEND = YES;
				ENABLE_TESTABILITY = YES;
				GCC_C_LANGUAGE_STANDARD = gnu11;
				GCC_DYNAMIC_NO_PIC = NO;
				GCC_NO_COMMON_BLOCKS = YES;
				GCC_OPTIMIZATION_LEVEL = 0;
				GCC_PREPROCESSOR_DEFINITIONS = (
					"DEBUG=1",
					"$(inherited)",
				);
				GCC_WARN_64_TO_32_BIT_CONVERSION = YES;
				GCC_WARN_ABOUT_RETURN_TYPE = YES_ERROR;
				GCC_WARN_UNDECLARED_SELECTOR = YES;
				GCC_WARN_UNINITIALIZED_AUTOS = YES_AGGRESSIVE;
				GCC_WARN_UNUSED_FUNCTION = YES;
				GCC_WARN_UNUSED_VARIABLE = YES;
				IPHONEOS_DEPLOYMENT_TARGET = 11.1;
				MTL_ENABLE_DEBUG_INFO = YES;
				ONLY_ACTIVE_ARCH = YES;
				SDKROOT = iphoneos;
				SWIFT_ACTIVE_COMPILATION_CONDITIONS = DEBUG;
				SWIFT_OPTIMIZATION_LEVEL = "-Onone";
			};
			name = Debug;
		};
		B30BF7681FBDD785005C8A83 /* Release */ = {
			isa = XCBuildConfiguration;
			buildSettings = {
				ALWAYS_SEARCH_USER_PATHS = NO;
				CLANG_ANALYZER_NONNULL = YES;
				CLANG_ANALYZER_NUMBER_OBJECT_CONVERSION = YES_AGGRESSIVE;
				CLANG_CXX_LANGUAGE_STANDARD = "gnu++14";
				CLANG_CXX_LIBRARY = "libc++";
				CLANG_ENABLE_MODULES = YES;
				CLANG_ENABLE_OBJC_ARC = YES;
				CLANG_WARN_BLOCK_CAPTURE_AUTORELEASING = YES;
				CLANG_WARN_BOOL_CONVERSION = YES;
				CLANG_WARN_COMMA = YES;
				CLANG_WARN_CONSTANT_CONVERSION = YES;
				CLANG_WARN_DIRECT_OBJC_ISA_USAGE = YES_ERROR;
				CLANG_WARN_DOCUMENTATION_COMMENTS = YES;
				CLANG_WARN_EMPTY_BODY = YES;
				CLANG_WARN_ENUM_CONVERSION = YES;
				CLANG_WARN_INFINITE_RECURSION = YES;
				CLANG_WARN_INT_CONVERSION = YES;
				CLANG_WARN_NON_LITERAL_NULL_CONVERSION = YES;
				CLANG_WARN_OBJC_LITERAL_CONVERSION = YES;
				CLANG_WARN_OBJC_ROOT_CLASS = YES_ERROR;
				CLANG_WARN_RANGE_LOOP_ANALYSIS = YES;
				CLANG_WARN_STRICT_PROTOTYPES = YES;
				CLANG_WARN_SUSPICIOUS_MOVE = YES;
				CLANG_WARN_UNGUARDED_AVAILABILITY = YES_AGGRESSIVE;
				CLANG_WARN_UNREACHABLE_CODE = YES;
				CLANG_WARN__DUPLICATE_METHOD_MATCH = YES;
				CODE_SIGN_IDENTITY = "iPhone Developer";
				COPY_PHASE_STRIP = NO;
				DEBUG_INFORMATION_FORMAT = "dwarf-with-dsym";
				ENABLE_NS_ASSERTIONS = NO;
				ENABLE_STRICT_OBJC_MSGSEND = YES;
				GCC_C_LANGUAGE_STANDARD = gnu11;
				GCC_NO_COMMON_BLOCKS = YES;
				GCC_WARN_64_TO_32_BIT_CONVERSION = YES;
				GCC_WARN_ABOUT_RETURN_TYPE = YES_ERROR;
				GCC_WARN_UNDECLARED_SELECTOR = YES;
				GCC_WARN_UNINITIALIZED_AUTOS = YES_AGGRESSIVE;
				GCC_WARN_UNUSED_FUNCTION = YES;
				GCC_WARN_UNUSED_VARIABLE = YES;
				IPHONEOS_DEPLOYMENT_TARGET = 11.1;
				MTL_ENABLE_DEBUG_INFO = NO;
				SDKROOT = iphoneos;
				SWIFT_OPTIMIZATION_LEVEL = "-Owholemodule";
				VALIDATE_PRODUCT = YES;
			};
			name = Release;
		};
		B30BF76A1FBDD785005C8A83 /* Debug */ = {
			isa = XCBuildConfiguration;
			baseConfigurationReference = 533E223DE51E82B4BED4DC61 /* Pods-YARCH.debug.xcconfig */;
			buildSettings = {
				ASSETCATALOG_COMPILER_APPICON_NAME = AppIcon;
				CODE_SIGN_STYLE = Automatic;
				DEVELOPMENT_TEAM = F9SKW2FZHU;
				INFOPLIST_FILE = "$(SRCROOT)/YARCH/Resources/Info.plist";
				IPHONEOS_DEPLOYMENT_TARGET = 10.0;
				LD_RUNPATH_SEARCH_PATHS = "$(inherited) @executable_path/Frameworks";
				PRODUCT_BUNDLE_IDENTIFIER = "Alfa-Bank.YARCH";
				PRODUCT_NAME = "$(TARGET_NAME)";
				SWIFT_VERSION = 4.0;
				TARGETED_DEVICE_FAMILY = 1;
			};
			name = Debug;
		};
		B30BF76B1FBDD785005C8A83 /* Release */ = {
			isa = XCBuildConfiguration;
			baseConfigurationReference = 53283DE56954EDA904B1847D /* Pods-YARCH.release.xcconfig */;
			buildSettings = {
				ASSETCATALOG_COMPILER_APPICON_NAME = AppIcon;
				CODE_SIGN_STYLE = Automatic;
				DEVELOPMENT_TEAM = F9SKW2FZHU;
				INFOPLIST_FILE = "$(SRCROOT)/YARCH/Resources/Info.plist";
				IPHONEOS_DEPLOYMENT_TARGET = 10.0;
				LD_RUNPATH_SEARCH_PATHS = "$(inherited) @executable_path/Frameworks";
				PRODUCT_BUNDLE_IDENTIFIER = "Alfa-Bank.YARCH";
				PRODUCT_NAME = "$(TARGET_NAME)";
				SWIFT_VERSION = 4.0;
				TARGETED_DEVICE_FAMILY = 1;
			};
			name = Release;
		};
		B30BF76D1FBDD785005C8A83 /* Debug */ = {
			isa = XCBuildConfiguration;
			baseConfigurationReference = A86F5A3858B0832703A30526 /* Pods-YARCHTests.debug.xcconfig */;
			buildSettings = {
				ALWAYS_EMBED_SWIFT_STANDARD_LIBRARIES = YES;
				BUNDLE_LOADER = "$(TEST_HOST)";
				CODE_SIGN_STYLE = Automatic;
				DEVELOPMENT_TEAM = F9SKW2FZHU;
				INFOPLIST_FILE = YARCHTests/Info.plist;
				LD_RUNPATH_SEARCH_PATHS = "$(inherited) @executable_path/Frameworks @loader_path/Frameworks";
				PRODUCT_BUNDLE_IDENTIFIER = "Alfa-Bank.YARCHTests";
				PRODUCT_NAME = "$(TARGET_NAME)";
				SWIFT_VERSION = 4.0;
				TARGETED_DEVICE_FAMILY = "1,2";
				TEST_HOST = "$(BUILT_PRODUCTS_DIR)/YARCH.app/YARCH";
			};
			name = Debug;
		};
		B30BF76E1FBDD785005C8A83 /* Release */ = {
			isa = XCBuildConfiguration;
			baseConfigurationReference = 3AD86A924ACC330A543B6E7D /* Pods-YARCHTests.release.xcconfig */;
			buildSettings = {
				ALWAYS_EMBED_SWIFT_STANDARD_LIBRARIES = YES;
				BUNDLE_LOADER = "$(TEST_HOST)";
				CODE_SIGN_STYLE = Automatic;
				DEVELOPMENT_TEAM = F9SKW2FZHU;
				INFOPLIST_FILE = YARCHTests/Info.plist;
				LD_RUNPATH_SEARCH_PATHS = "$(inherited) @executable_path/Frameworks @loader_path/Frameworks";
				PRODUCT_BUNDLE_IDENTIFIER = "Alfa-Bank.YARCHTests";
				PRODUCT_NAME = "$(TARGET_NAME)";
				SWIFT_VERSION = 4.0;
				TARGETED_DEVICE_FAMILY = "1,2";
				TEST_HOST = "$(BUILT_PRODUCTS_DIR)/YARCH.app/YARCH";
			};
			name = Release;
		};
		BA8193A42020943E006731F4 /* Debug */ = {
			isa = XCBuildConfiguration;
			baseConfigurationReference = 5B0622B31366A295604A986B /* Pods-TV.debug.xcconfig */;
			buildSettings = {
				ASSETCATALOG_COMPILER_APPICON_NAME = "App Icon & Top Shelf Image";
				ASSETCATALOG_COMPILER_LAUNCHIMAGE_NAME = LaunchImage;
				CODE_SIGN_STYLE = Automatic;
				INFOPLIST_FILE = TV/Info.plist;
				LD_RUNPATH_SEARCH_PATHS = "$(inherited) @executable_path/Frameworks";
				PRODUCT_BUNDLE_IDENTIFIER = "Alfa-Bank.YARCH.TV";
				PRODUCT_NAME = "$(TARGET_NAME)";
				SDKROOT = appletvos;
				SWIFT_VERSION = 4.0;
				TARGETED_DEVICE_FAMILY = 3;
				TVOS_DEPLOYMENT_TARGET = 11.2;
			};
			name = Debug;
		};
		BA8193A52020943E006731F4 /* Release */ = {
			isa = XCBuildConfiguration;
			baseConfigurationReference = DD237A7C43A839EC63626B09 /* Pods-TV.release.xcconfig */;
			buildSettings = {
				ASSETCATALOG_COMPILER_APPICON_NAME = "App Icon & Top Shelf Image";
				ASSETCATALOG_COMPILER_LAUNCHIMAGE_NAME = LaunchImage;
				CODE_SIGN_STYLE = Automatic;
				INFOPLIST_FILE = TV/Info.plist;
				LD_RUNPATH_SEARCH_PATHS = "$(inherited) @executable_path/Frameworks";
				PRODUCT_BUNDLE_IDENTIFIER = "Alfa-Bank.YARCH.TV";
				PRODUCT_NAME = "$(TARGET_NAME)";
				SDKROOT = appletvos;
				SWIFT_VERSION = 4.0;
				TARGETED_DEVICE_FAMILY = 3;
				TVOS_DEPLOYMENT_TARGET = 11.2;
			};
			name = Release;
		};
		BAA9B4D12017336B001235D6 /* Debug */ = {
			isa = XCBuildConfiguration;
			buildSettings = {
				ALWAYS_EMBED_SWIFT_STANDARD_LIBRARIES = YES;
				ASSETCATALOG_COMPILER_APPICON_NAME = AppIcon;
				CODE_SIGN_STYLE = Automatic;
				DEVELOPMENT_TEAM = F9SKW2FZHU;
				IBSC_MODULE = WATCH_Extension;
				INFOPLIST_FILE = WATCH/Info.plist;
				PRODUCT_BUNDLE_IDENTIFIER = "Alfa-Bank.YARCH.watchkitapp";
				PRODUCT_NAME = "$(TARGET_NAME)";
				SDKROOT = watchos;
				SKIP_INSTALL = YES;
				SWIFT_VERSION = 4.0;
				TARGETED_DEVICE_FAMILY = 4;
				WATCHOS_DEPLOYMENT_TARGET = 4.2;
			};
			name = Debug;
		};
		BAA9B4D22017336B001235D6 /* Release */ = {
			isa = XCBuildConfiguration;
			buildSettings = {
				ALWAYS_EMBED_SWIFT_STANDARD_LIBRARIES = YES;
				ASSETCATALOG_COMPILER_APPICON_NAME = AppIcon;
				CODE_SIGN_STYLE = Automatic;
				DEVELOPMENT_TEAM = F9SKW2FZHU;
				IBSC_MODULE = WATCH_Extension;
				INFOPLIST_FILE = WATCH/Info.plist;
				PRODUCT_BUNDLE_IDENTIFIER = "Alfa-Bank.YARCH.watchkitapp";
				PRODUCT_NAME = "$(TARGET_NAME)";
				SDKROOT = watchos;
				SKIP_INSTALL = YES;
				SWIFT_VERSION = 4.0;
				TARGETED_DEVICE_FAMILY = 4;
				WATCHOS_DEPLOYMENT_TARGET = 4.2;
			};
			name = Release;
		};
		BAA9B4D32017336B001235D6 /* Debug */ = {
			isa = XCBuildConfiguration;
			buildSettings = {
				ASSETCATALOG_COMPILER_COMPLICATION_NAME = Complication;
				CODE_SIGN_STYLE = Automatic;
				INFOPLIST_FILE = "WATCH Extension/Info.plist";
				LD_RUNPATH_SEARCH_PATHS = "$(inherited) @executable_path/Frameworks @executable_path/../../Frameworks";
				PRODUCT_BUNDLE_IDENTIFIER = "Alfa-Bank.YARCH.watchkitapp.watchkitextension";
				PRODUCT_NAME = "${TARGET_NAME}";
				SDKROOT = watchos;
				SKIP_INSTALL = YES;
				SWIFT_VERSION = 4.0;
				TARGETED_DEVICE_FAMILY = 4;
				WATCHOS_DEPLOYMENT_TARGET = 4.2;
			};
			name = Debug;
		};
		BAA9B4D42017336B001235D6 /* Release */ = {
			isa = XCBuildConfiguration;
			buildSettings = {
				ASSETCATALOG_COMPILER_COMPLICATION_NAME = Complication;
				CODE_SIGN_STYLE = Automatic;
				INFOPLIST_FILE = "WATCH Extension/Info.plist";
				LD_RUNPATH_SEARCH_PATHS = "$(inherited) @executable_path/Frameworks @executable_path/../../Frameworks";
				PRODUCT_BUNDLE_IDENTIFIER = "Alfa-Bank.YARCH.watchkitapp.watchkitextension";
				PRODUCT_NAME = "${TARGET_NAME}";
				SDKROOT = watchos;
				SKIP_INSTALL = YES;
				SWIFT_VERSION = 4.0;
				TARGETED_DEVICE_FAMILY = 4;
				WATCHOS_DEPLOYMENT_TARGET = 4.2;
			};
			name = Release;
		};
/* End XCBuildConfiguration section */

/* Begin XCConfigurationList section */
		B30BF7471FBDD785005C8A83 /* Build configuration list for PBXProject "YARCH" */ = {
			isa = XCConfigurationList;
			buildConfigurations = (
				B30BF7671FBDD785005C8A83 /* Debug */,
				B30BF7681FBDD785005C8A83 /* Release */,
			);
			defaultConfigurationIsVisible = 0;
			defaultConfigurationName = Release;
		};
		B30BF7691FBDD785005C8A83 /* Build configuration list for PBXNativeTarget "YARCH" */ = {
			isa = XCConfigurationList;
			buildConfigurations = (
				B30BF76A1FBDD785005C8A83 /* Debug */,
				B30BF76B1FBDD785005C8A83 /* Release */,
			);
			defaultConfigurationIsVisible = 0;
			defaultConfigurationName = Release;
		};
		B30BF76C1FBDD785005C8A83 /* Build configuration list for PBXNativeTarget "YARCHTests" */ = {
			isa = XCConfigurationList;
			buildConfigurations = (
				B30BF76D1FBDD785005C8A83 /* Debug */,
				B30BF76E1FBDD785005C8A83 /* Release */,
			);
			defaultConfigurationIsVisible = 0;
			defaultConfigurationName = Release;
		};
		BA8193A62020943E006731F4 /* Build configuration list for PBXNativeTarget "TV" */ = {
			isa = XCConfigurationList;
			buildConfigurations = (
				BA8193A42020943E006731F4 /* Debug */,
				BA8193A52020943E006731F4 /* Release */,
			);
			defaultConfigurationIsVisible = 0;
			defaultConfigurationName = Release;
		};
		BAA9B4D52017336B001235D6 /* Build configuration list for PBXNativeTarget "WATCH Extension" */ = {
			isa = XCConfigurationList;
			buildConfigurations = (
				BAA9B4D32017336B001235D6 /* Debug */,
				BAA9B4D42017336B001235D6 /* Release */,
			);
			defaultConfigurationIsVisible = 0;
			defaultConfigurationName = Release;
		};
		BAA9B4D72017336B001235D6 /* Build configuration list for PBXNativeTarget "WATCH" */ = {
			isa = XCConfigurationList;
			buildConfigurations = (
				BAA9B4D12017336B001235D6 /* Debug */,
				BAA9B4D22017336B001235D6 /* Release */,
			);
			defaultConfigurationIsVisible = 0;
			defaultConfigurationName = Release;
		};
/* End XCConfigurationList section */
	};
	rootObject = B30BF7441FBDD785005C8A83 /* Project object */;
}
